// !$*UTF8*$!
{
	archiveVersion = 1;
	classes = {
	};
	objectVersion = 77;
	objects = {

/* Begin PBXBuildFile section */
		BF639EB12E48EC66004FCD52 /* RewardSystemView.swift in Sources */ = {isa = PBXBuildFile; fileRef = BF639EB02E48EC66004FCD52 /* RewardSystemView.swift */; };
		BF639EB32E48EDC3004FCD52 /* MinimalDarkBackgroundView.swift in Sources */ = {isa = PBXBuildFile; fileRef = BF639EB22E48EDC3004FCD52 /* MinimalDarkBackgroundView.swift */; };
		BF7F8B902E15099C00DF3CFC /* ContentView.swift in Sources */ = {isa = PBXBuildFile; fileRef = BF7F8B8C2E15099C00DF3CFC /* ContentView.swift */; };
		BF7F8B912E15099C00DF3CFC /* DataModel.swift in Sources */ = {isa = PBXBuildFile; fileRef = BF7F8B8D2E15099C00DF3CFC /* DataModel.swift */; };
		BF7F8B922E15099C00DF3CFC /* producteneApp.swift in Sources */ = {isa = PBXBuildFile; fileRef = BF7F8B8E2E15099C00DF3CFC /* producteneApp.swift */; };
		BF7F8B932E15099C00DF3CFC /* Assets.xcassets in Resources */ = {isa = PBXBuildFile; fileRef = BF7F8B8B2E15099C00DF3CFC /* Assets.xcassets */; };
		BF7F8B972E150B2400DF3CFC /* MainViewModel.swift in Sources */ = {isa = PBXBuildFile; fileRef = BF7F8B962E150B2400DF3CFC /* MainViewModel.swift */; };
		BF7F8B9C2E15988E00DF3CFC /* FirebaseAI in Frameworks */ = {isa = PBXBuildFile; productRef = BF7F8B9B2E15988E00DF3CFC /* FirebaseAI */; };
		BF7F8B9E2E15988E00DF3CFC /* FirebaseAnalytics in Frameworks */ = {isa = PBXBuildFile; productRef = BF7F8B9D2E15988E00DF3CFC /* FirebaseAnalytics */; };
		BF7F8BA02E15988E00DF3CFC /* FirebaseAnalyticsCore in Frameworks */ = {isa = PBXBuildFile; productRef = BF7F8B9F2E15988E00DF3CFC /* FirebaseAnalyticsCore */; };
		BF7F8BA22E15988E00DF3CFC /* FirebaseAnalyticsIdentitySupport in Frameworks */ = {isa = PBXBuildFile; productRef = BF7F8BA12E15988E00DF3CFC /* FirebaseAnalyticsIdentitySupport */; };
		BF7F8BA42E15988E00DF3CFC /* FirebaseAnalyticsOnDeviceConversion in Frameworks */ = {isa = PBXBuildFile; productRef = BF7F8BA32E15988E00DF3CFC /* FirebaseAnalyticsOnDeviceConversion */; };
		BF7F8BA62E15988E00DF3CFC /* FirebaseAnalyticsWithoutAdIdSupport in Frameworks */ = {isa = PBXBuildFile; productRef = BF7F8BA52E15988E00DF3CFC /* FirebaseAnalyticsWithoutAdIdSupport */; };
		BF7F8BA82E15988E00DF3CFC /* FirebaseAppCheck in Frameworks */ = {isa = PBXBuildFile; productRef = BF7F8BA72E15988E00DF3CFC /* FirebaseAppCheck */; };
		BF7F8BAA2E15988E00DF3CFC /* FirebaseAppDistribution-Beta in Frameworks */ = {isa = PBXBuildFile; productRef = BF7F8BA92E15988E00DF3CFC /* FirebaseAppDistribution-Beta */; };
		BF7F8BAC2E15988E00DF3CFC /* FirebaseAuth in Frameworks */ = {isa = PBXBuildFile; productRef = BF7F8BAB2E15988E00DF3CFC /* FirebaseAuth */; };
		BF7F8BAE2E15988E00DF3CFC /* FirebaseAuthCombine-Community in Frameworks */ = {isa = PBXBuildFile; productRef = BF7F8BAD2E15988E00DF3CFC /* FirebaseAuthCombine-Community */; };
		BF7F8BB02E15988E00DF3CFC /* FirebaseCore in Frameworks */ = {isa = PBXBuildFile; productRef = BF7F8BAF2E15988E00DF3CFC /* FirebaseCore */; };
		BF7F8BB22E15988E00DF3CFC /* FirebaseCrashlytics in Frameworks */ = {isa = PBXBuildFile; productRef = BF7F8BB12E15988E00DF3CFC /* FirebaseCrashlytics */; };
		BF7F8BB42E15988E00DF3CFC /* FirebaseDatabase in Frameworks */ = {isa = PBXBuildFile; productRef = BF7F8BB32E15988E00DF3CFC /* FirebaseDatabase */; };
		BF7F8BB62E15988E00DF3CFC /* FirebaseDynamicLinks in Frameworks */ = {isa = PBXBuildFile; productRef = BF7F8BB52E15988E00DF3CFC /* FirebaseDynamicLinks */; };
		BF7F8BB82E15988E00DF3CFC /* FirebaseFirestore in Frameworks */ = {isa = PBXBuildFile; productRef = BF7F8BB72E15988E00DF3CFC /* FirebaseFirestore */; };
		BF7F8BBA2E15988E00DF3CFC /* FirebaseFirestoreCombine-Community in Frameworks */ = {isa = PBXBuildFile; productRef = BF7F8BB92E15988E00DF3CFC /* FirebaseFirestoreCombine-Community */; };
		BF7F8BBC2E15988E00DF3CFC /* FirebaseFunctions in Frameworks */ = {isa = PBXBuildFile; productRef = BF7F8BBB2E15988E00DF3CFC /* FirebaseFunctions */; };
		BF7F8BBE2E15988E00DF3CFC /* FirebaseFunctionsCombine-Community in Frameworks */ = {isa = PBXBuildFile; productRef = BF7F8BBD2E15988E00DF3CFC /* FirebaseFunctionsCombine-Community */; };
		BF7F8BC02E15988E00DF3CFC /* FirebaseInAppMessaging-Beta in Frameworks */ = {isa = PBXBuildFile; productRef = BF7F8BBF2E15988E00DF3CFC /* FirebaseInAppMessaging-Beta */; };
		BF7F8BC22E15988E00DF3CFC /* FirebaseInstallations in Frameworks */ = {isa = PBXBuildFile; productRef = BF7F8BC12E15988E00DF3CFC /* FirebaseInstallations */; };
		BF7F8BC42E15988E00DF3CFC /* FirebaseMLModelDownloader in Frameworks */ = {isa = PBXBuildFile; productRef = BF7F8BC32E15988E00DF3CFC /* FirebaseMLModelDownloader */; };
		BF7F8BC62E15988E00DF3CFC /* FirebaseMessaging in Frameworks */ = {isa = PBXBuildFile; productRef = BF7F8BC52E15988E00DF3CFC /* FirebaseMessaging */; };
		BF7F8BC82E15988E00DF3CFC /* FirebasePerformance in Frameworks */ = {isa = PBXBuildFile; productRef = BF7F8BC72E15988E00DF3CFC /* FirebasePerformance */; };
		BF7F8BCA2E15988E00DF3CFC /* FirebaseRemoteConfig in Frameworks */ = {isa = PBXBuildFile; productRef = BF7F8BC92E15988E00DF3CFC /* FirebaseRemoteConfig */; };
		BF7F8BCC2E15988E00DF3CFC /* FirebaseStorage in Frameworks */ = {isa = PBXBuildFile; productRef = BF7F8BCB2E15988E00DF3CFC /* FirebaseStorage */; };
		BF7F8BCE2E15988E00DF3CFC /* FirebaseStorageCombine-Community in Frameworks */ = {isa = PBXBuildFile; productRef = BF7F8BCD2E15988E00DF3CFC /* FirebaseStorageCombine-Community */; };
		BF7F8BD02E15988E00DF3CFC /* FirebaseVertexAI in Frameworks */ = {isa = PBXBuildFile; productRef = BF7F8BCF2E15988E00DF3CFC /* FirebaseVertexAI */; };
		BFACD4882E49CDCC00935FCE /* TrophyDisplayCard.swift in Sources */ = {isa = PBXBuildFile; fileRef = BFACD4872E49CDCC00935FCE /* TrophyDisplayCard.swift */; };
		BFACD48E2E517C1400935FCE /* Department.swift in Sources */ = {isa = PBXBuildFile; fileRef = BFACD48D2E517C1400935FCE /* Department.swift */; };
		BFACD4912E517C8800935FCE /* SideNavigationView.swift in Sources */ = {isa = PBXBuildFile; fileRef = BFACD4902E517C8800935FCE /* SideNavigationView.swift */; };
		BFACD4932E58285200935FCE /* GoogleService-Info.plist in Resources */ = {isa = PBXBuildFile; fileRef = BFACD4922E58285200935FCE /* GoogleService-Info.plist */; };
		BFAD2C3D2E3E71CF004C748A /* BackgroundTracker.swift in Sources */ = {isa = PBXBuildFile; fileRef = BFAD2C3C2E3E71CF004C748A /* BackgroundTracker.swift */; };
		BFAD2C3F2E3E7469004C748A /* StudyRecord.swift in Sources */ = {isa = PBXBuildFile; fileRef = BFAD2C3E2E3E7468004C748A /* StudyRecord.swift */; };
		BFAD2C422E3E7521004C748A /* TimelineView.swift in Sources */ = {isa = PBXBuildFile; fileRef = BFAD2C412E3E7521004C748A /* TimelineView.swift */; };
		BFAD2C442E408708004C748A /* TimelinePost.swift in Sources */ = {isa = PBXBuildFile; fileRef = BFAD2C432E408708004C748A /* TimelinePost.swift */; };
		BFAD2C462E408728004C748A /* PostCreateView.swift in Sources */ = {isa = PBXBuildFile; fileRef = BFAD2C452E408728004C748A /* PostCreateView.swift */; };
		BFC0F9DE2E164FE300870CDD /* LoadingView.swift in Sources */ = {isa = PBXBuildFile; fileRef = BFC0F9DD2E164FE300870CDD /* LoadingView.swift */; };
		BFC0F9E22E16503200870CDD /* ErrorView.swift in Sources */ = {isa = PBXBuildFile; fileRef = BFC0F9E12E16503200870CDD /* ErrorView.swift */; };
		BFC0F9E42E16504B00870CDD /* MainTabView.swift in Sources */ = {isa = PBXBuildFile; fileRef = BFC0F9E32E16504B00870CDD /* MainTabView.swift */; };
		BFC0F9E62E16505E00870CDD /* TimerView.swift in Sources */ = {isa = PBXBuildFile; fileRef = BFC0F9E52E16505E00870CDD /* TimerView.swift */; };
		BFC0F9E82E16507900870CDD /* UserStatusCard.swift in Sources */ = {isa = PBXBuildFile; fileRef = BFC0F9E72E16507900870CDD /* UserStatusCard.swift */; };
		BFC0F9EA2E16508800870CDD /* TimerDisplay.swift in Sources */ = {isa = PBXBuildFile; fileRef = BFC0F9E92E16508800870CDD /* TimerDisplay.swift */; };
		BFC0F9EC2E16509A00870CDD /* TimerButton.swift in Sources */ = {isa = PBXBuildFile; fileRef = BFC0F9EB2E16509A00870CDD /* TimerButton.swift */; };
		BFC0F9F02E1650BF00870CDD /* RankingView.swift in Sources */ = {isa = PBXBuildFile; fileRef = BFC0F9EF2E1650BF00870CDD /* RankingView.swift */; };
		BFC0F9F22E1650D800870CDD /* RankingRow.swift in Sources */ = {isa = PBXBuildFile; fileRef = BFC0F9F12E1650D800870CDD /* RankingRow.swift */; };
		BFC0F9F82E16511700870CDD /* ProfileView.swift in Sources */ = {isa = PBXBuildFile; fileRef = BFC0F9F72E16511700870CDD /* ProfileView.swift */; };
/* End PBXBuildFile section */

/* Begin PBXFileReference section */
		BF639EB02E48EC66004FCD52 /* RewardSystemView.swift */ = {isa = PBXFileReference; lastKnownFileType = sourcecode.swift; path = RewardSystemView.swift; sourceTree = "<group>"; };
		BF639EB22E48EDC3004FCD52 /* MinimalDarkBackgroundView.swift */ = {isa = PBXFileReference; lastKnownFileType = sourcecode.swift; path = MinimalDarkBackgroundView.swift; sourceTree = "<group>"; };
		BF7F8B792E13CCF400DF3CFC /* StudyArena.app */ = {isa = PBXFileReference; explicitFileType = wrapper.application; includeInIndex = 0; path = StudyArena.app; sourceTree = BUILT_PRODUCTS_DIR; };
		BF7F8B8B2E15099C00DF3CFC /* Assets.xcassets */ = {isa = PBXFileReference; lastKnownFileType = folder.assetcatalog; path = Assets.xcassets; sourceTree = "<group>"; };
		BF7F8B8C2E15099C00DF3CFC /* ContentView.swift */ = {isa = PBXFileReference; lastKnownFileType = sourcecode.swift; path = ContentView.swift; sourceTree = "<group>"; };
		BF7F8B8D2E15099C00DF3CFC /* DataModel.swift */ = {isa = PBXFileReference; lastKnownFileType = sourcecode.swift; path = DataModel.swift; sourceTree = "<group>"; };
		BF7F8B8E2E15099C00DF3CFC /* producteneApp.swift */ = {isa = PBXFileReference; lastKnownFileType = sourcecode.swift; path = producteneApp.swift; sourceTree = "<group>"; };
		BF7F8B962E150B2400DF3CFC /* MainViewModel.swift */ = {isa = PBXFileReference; lastKnownFileType = sourcecode.swift; path = MainViewModel.swift; sourceTree = "<group>"; };
		BFACD4872E49CDCC00935FCE /* TrophyDisplayCard.swift */ = {isa = PBXFileReference; lastKnownFileType = sourcecode.swift; path = TrophyDisplayCard.swift; sourceTree = "<group>"; };
		BFACD48D2E517C1400935FCE /* Department.swift */ = {isa = PBXFileReference; lastKnownFileType = sourcecode.swift; path = Department.swift; sourceTree = "<group>"; };
		BFACD4902E517C8800935FCE /* SideNavigationView.swift */ = {isa = PBXFileReference; lastKnownFileType = sourcecode.swift; path = SideNavigationView.swift; sourceTree = "<group>"; };
		BFACD4922E58285200935FCE /* GoogleService-Info.plist */ = {isa = PBXFileReference; lastKnownFileType = text.plist.xml; path = "GoogleService-Info.plist"; sourceTree = "<group>"; };
		BFAD2C3C2E3E71CF004C748A /* BackgroundTracker.swift */ = {isa = PBXFileReference; lastKnownFileType = sourcecode.swift; path = BackgroundTracker.swift; sourceTree = "<group>"; };
		BFAD2C3E2E3E7468004C748A /* StudyRecord.swift */ = {isa = PBXFileReference; lastKnownFileType = sourcecode.swift; path = StudyRecord.swift; sourceTree = "<group>"; };
		BFAD2C412E3E7521004C748A /* TimelineView.swift */ = {isa = PBXFileReference; lastKnownFileType = sourcecode.swift; path = TimelineView.swift; sourceTree = "<group>"; };
		BFAD2C432E408708004C748A /* TimelinePost.swift */ = {isa = PBXFileReference; lastKnownFileType = sourcecode.swift; path = TimelinePost.swift; sourceTree = "<group>"; };
		BFAD2C452E408728004C748A /* PostCreateView.swift */ = {isa = PBXFileReference; lastKnownFileType = sourcecode.swift; path = PostCreateView.swift; sourceTree = "<group>"; };
		BFC0F9DD2E164FE300870CDD /* LoadingView.swift */ = {isa = PBXFileReference; lastKnownFileType = sourcecode.swift; path = LoadingView.swift; sourceTree = "<group>"; };
		BFC0F9E12E16503200870CDD /* ErrorView.swift */ = {isa = PBXFileReference; lastKnownFileType = sourcecode.swift; path = ErrorView.swift; sourceTree = "<group>"; };
		BFC0F9E32E16504B00870CDD /* MainTabView.swift */ = {isa = PBXFileReference; lastKnownFileType = sourcecode.swift; path = MainTabView.swift; sourceTree = "<group>"; };
		BFC0F9E52E16505E00870CDD /* TimerView.swift */ = {isa = PBXFileReference; lastKnownFileType = sourcecode.swift; path = TimerView.swift; sourceTree = "<group>"; };
		BFC0F9E72E16507900870CDD /* UserStatusCard.swift */ = {isa = PBXFileReference; lastKnownFileType = sourcecode.swift; path = UserStatusCard.swift; sourceTree = "<group>"; };
		BFC0F9E92E16508800870CDD /* TimerDisplay.swift */ = {isa = PBXFileReference; lastKnownFileType = sourcecode.swift; path = TimerDisplay.swift; sourceTree = "<group>"; };
		BFC0F9EB2E16509A00870CDD /* TimerButton.swift */ = {isa = PBXFileReference; lastKnownFileType = sourcecode.swift; path = TimerButton.swift; sourceTree = "<group>"; };
		BFC0F9EF2E1650BF00870CDD /* RankingView.swift */ = {isa = PBXFileReference; lastKnownFileType = sourcecode.swift; path = RankingView.swift; sourceTree = "<group>"; };
		BFC0F9F12E1650D800870CDD /* RankingRow.swift */ = {isa = PBXFileReference; lastKnownFileType = sourcecode.swift; path = RankingRow.swift; sourceTree = "<group>"; };
		BFC0F9F72E16511700870CDD /* ProfileView.swift */ = {isa = PBXFileReference; lastKnownFileType = sourcecode.swift; path = ProfileView.swift; sourceTree = "<group>"; };
/* End PBXFileReference section */

/* Begin PBXFrameworksBuildPhase section */
		BF7F8B762E13CCF400DF3CFC /* Frameworks */ = {
			isa = PBXFrameworksBuildPhase;
			buildActionMask = 2147483647;
			files = (
				BF7F8BBC2E15988E00DF3CFC /* FirebaseFunctions in Frameworks */,
				BF7F8BB42E15988E00DF3CFC /* FirebaseDatabase in Frameworks */,
				BF7F8BA22E15988E00DF3CFC /* FirebaseAnalyticsIdentitySupport in Frameworks */,
				BF7F8BCC2E15988E00DF3CFC /* FirebaseStorage in Frameworks */,
				BF7F8BA62E15988E00DF3CFC /* FirebaseAnalyticsWithoutAdIdSupport in Frameworks */,
				BF7F8BB02E15988E00DF3CFC /* FirebaseCore in Frameworks */,
				BF7F8B9E2E15988E00DF3CFC /* FirebaseAnalytics in Frameworks */,
				BF7F8BC42E15988E00DF3CFC /* FirebaseMLModelDownloader in Frameworks */,
				BF7F8BB62E15988E00DF3CFC /* FirebaseDynamicLinks in Frameworks */,
				BF7F8BA42E15988E00DF3CFC /* FirebaseAnalyticsOnDeviceConversion in Frameworks */,
				BF7F8BAC2E15988E00DF3CFC /* FirebaseAuth in Frameworks */,
				BF7F8BB82E15988E00DF3CFC /* FirebaseFirestore in Frameworks */,
				BF7F8BBA2E15988E00DF3CFC /* FirebaseFirestoreCombine-Community in Frameworks */,
				BF7F8BD02E15988E00DF3CFC /* FirebaseVertexAI in Frameworks */,
				BF7F8BC02E15988E00DF3CFC /* FirebaseInAppMessaging-Beta in Frameworks */,
				BF7F8BBE2E15988E00DF3CFC /* FirebaseFunctionsCombine-Community in Frameworks */,
				BF7F8BA82E15988E00DF3CFC /* FirebaseAppCheck in Frameworks */,
				BF7F8BCE2E15988E00DF3CFC /* FirebaseStorageCombine-Community in Frameworks */,
				BF7F8BCA2E15988E00DF3CFC /* FirebaseRemoteConfig in Frameworks */,
				BF7F8BA02E15988E00DF3CFC /* FirebaseAnalyticsCore in Frameworks */,
				BF7F8B9C2E15988E00DF3CFC /* FirebaseAI in Frameworks */,
				BF7F8BC82E15988E00DF3CFC /* FirebasePerformance in Frameworks */,
				BF7F8BB22E15988E00DF3CFC /* FirebaseCrashlytics in Frameworks */,
				BF7F8BAA2E15988E00DF3CFC /* FirebaseAppDistribution-Beta in Frameworks */,
				BF7F8BAE2E15988E00DF3CFC /* FirebaseAuthCombine-Community in Frameworks */,
				BF7F8BC62E15988E00DF3CFC /* FirebaseMessaging in Frameworks */,
				BF7F8BC22E15988E00DF3CFC /* FirebaseInstallations in Frameworks */,
			);
			runOnlyForDeploymentPostprocessing = 0;
		};
/* End PBXFrameworksBuildPhase section */

/* Begin PBXGroup section */
		BF7F8B702E13CCF400DF3CFC = {
			isa = PBXGroup;
			children = (
				BF7F8B8F2E15099C00DF3CFC /* StudyArena */,
				BFC0F9DB2E159B1800870CDD /* Frameworks */,
				BF7F8B7A2E13CCF400DF3CFC /* Products */,
				BFACD4922E58285200935FCE /* GoogleService-Info.plist */,
			);
			sourceTree = "<group>";
		};
		BF7F8B7A2E13CCF400DF3CFC /* Products */ = {
			isa = PBXGroup;
			children = (
				BF7F8B792E13CCF400DF3CFC /* StudyArena.app */,
			);
			name = Products;
			sourceTree = "<group>";
		};
		BF7F8B8A2E15099C00DF3CFC /* Model */ = {
			isa = PBXGroup;
			children = (
				BFAD2C3E2E3E7468004C748A /* StudyRecord.swift */,
				BFACD48D2E517C1400935FCE /* Department.swift */,
				BFAD2C3C2E3E71CF004C748A /* BackgroundTracker.swift */,
				BF7F8B8D2E15099C00DF3CFC /* DataModel.swift */,
			);
			path = Model;
			sourceTree = "<group>";
		};
		BF7F8B8F2E15099C00DF3CFC /* StudyArena */ = {
			isa = PBXGroup;
			children = (
				BF7F8B8A2E15099C00DF3CFC /* Model */,
				BFACD48C2E50EFD300935FCE /* ViewModel */,
				BF7F8B942E150A2A00DF3CFC /* Views */,
				BF7F8B8B2E15099C00DF3CFC /* Assets.xcassets */,
				BF7F8B8E2E15099C00DF3CFC /* producteneApp.swift */,
			);
			path = StudyArena;
			sourceTree = "<group>";
		};
		BF7F8B942E150A2A00DF3CFC /* Views */ = {
			isa = PBXGroup;
			children = (
				BF7F8B8C2E15099C00DF3CFC /* ContentView.swift */,
				BFC0F9E32E16504B00870CDD /* MainTabView.swift */,
				BFACD48F2E517C4E00935FCE /* Navigation */,
				BFC0F9DC2E164FC000870CDD /* ViewParts */,
			);
			path = Views;
			sourceTree = "<group>";
		};
		BFACD48B2E5057F500935FCE /* Timeline */ = {
			isa = PBXGroup;
			children = (
				BFAD2C432E408708004C748A /* TimelinePost.swift */,
				BFAD2C412E3E7521004C748A /* TimelineView.swift */,
				BFAD2C452E408728004C748A /* PostCreateView.swift */,
			);
			path = Timeline;
			sourceTree = "<group>";
		};
		BFACD48C2E50EFD300935FCE /* ViewModel */ = {
			isa = PBXGroup;
			children = (
				BF7F8B962E150B2400DF3CFC /* MainViewModel.swift */,
			);
			path = ViewModel;
			sourceTree = "<group>";
		};
		BFACD48F2E517C4E00935FCE /* Navigation */ = {
			isa = PBXGroup;
			children = (
				BFACD4902E517C8800935FCE /* SideNavigationView.swift */,
			);
			path = Navigation;
			sourceTree = "<group>";
		};
		BFC0F9DB2E159B1800870CDD /* Frameworks */ = {
			isa = PBXGroup;
			children = (
			);
			name = Frameworks;
			sourceTree = "<group>";
		};
		BFC0F9DC2E164FC000870CDD /* ViewParts */ = {
			isa = PBXGroup;
			children = (
				BF639EB02E48EC66004FCD52 /* RewardSystemView.swift */,
				BFC0F9DD2E164FE300870CDD /* LoadingView.swift */,
				BFC0F9E12E16503200870CDD /* ErrorView.swift */,
				BFC0F9F92E16513E00870CDD /* TimerParts */,
				BFC0F9FA2E16515A00870CDD /* RankingParts */,
				BFACD48B2E5057F500935FCE /* Timeline */,
				BFC0F9FC2E1651E900870CDD /* UserView */,
			);
			path = ViewParts;
			sourceTree = "<group>";
		};
		BFC0F9F92E16513E00870CDD /* TimerParts */ = {
			isa = PBXGroup;
			children = (
				BFC0F9E52E16505E00870CDD /* TimerView.swift */,
				BFC0F9E92E16508800870CDD /* TimerDisplay.swift */,
				BFC0F9EB2E16509A00870CDD /* TimerButton.swift */,
				BF639EB22E48EDC3004FCD52 /* MinimalDarkBackgroundView.swift */,
			);
			path = TimerParts;
			sourceTree = "<group>";
		};
		BFC0F9FA2E16515A00870CDD /* RankingParts */ = {
			isa = PBXGroup;
			children = (
				BFC0F9EF2E1650BF00870CDD /* RankingView.swift */,
				BFC0F9F12E1650D800870CDD /* RankingRow.swift */,
			);
			path = RankingParts;
			sourceTree = "<group>";
		};
		BFC0F9FC2E1651E900870CDD /* UserView */ = {
			isa = PBXGroup;
			children = (
				BFC0F9F72E16511700870CDD /* ProfileView.swift */,
				BFC0F9E72E16507900870CDD /* UserStatusCard.swift */,
				BFACD4872E49CDCC00935FCE /* TrophyDisplayCard.swift */,
			);
			path = UserView;
			sourceTree = "<group>";
		};
/* End PBXGroup section */

/* Begin PBXNativeTarget section */
		BF7F8B782E13CCF400DF3CFC /* StudyArena */ = {
			isa = PBXNativeTarget;
			buildConfigurationList = BF7F8B842E13CCF500DF3CFC /* Build configuration list for PBXNativeTarget "StudyArena" */;
			buildPhases = (
				BF7F8B752E13CCF400DF3CFC /* Sources */,
				BF7F8B762E13CCF400DF3CFC /* Frameworks */,
				BF7F8B772E13CCF400DF3CFC /* Resources */,
			);
			buildRules = (
			);
			dependencies = (
			);
			name = StudyArena;
			packageProductDependencies = (
				BF7F8B9B2E15988E00DF3CFC /* FirebaseAI */,
				BF7F8B9D2E15988E00DF3CFC /* FirebaseAnalytics */,
				BF7F8B9F2E15988E00DF3CFC /* FirebaseAnalyticsCore */,
				BF7F8BA12E15988E00DF3CFC /* FirebaseAnalyticsIdentitySupport */,
				BF7F8BA32E15988E00DF3CFC /* FirebaseAnalyticsOnDeviceConversion */,
				BF7F8BA52E15988E00DF3CFC /* FirebaseAnalyticsWithoutAdIdSupport */,
				BF7F8BA72E15988E00DF3CFC /* FirebaseAppCheck */,
				BF7F8BA92E15988E00DF3CFC /* FirebaseAppDistribution-Beta */,
				BF7F8BAB2E15988E00DF3CFC /* FirebaseAuth */,
				BF7F8BAD2E15988E00DF3CFC /* FirebaseAuthCombine-Community */,
				BF7F8BAF2E15988E00DF3CFC /* FirebaseCore */,
				BF7F8BB12E15988E00DF3CFC /* FirebaseCrashlytics */,
				BF7F8BB32E15988E00DF3CFC /* FirebaseDatabase */,
				BF7F8BB52E15988E00DF3CFC /* FirebaseDynamicLinks */,
				BF7F8BB72E15988E00DF3CFC /* FirebaseFirestore */,
				BF7F8BB92E15988E00DF3CFC /* FirebaseFirestoreCombine-Community */,
				BF7F8BBB2E15988E00DF3CFC /* FirebaseFunctions */,
				BF7F8BBD2E15988E00DF3CFC /* FirebaseFunctionsCombine-Community */,
				BF7F8BBF2E15988E00DF3CFC /* FirebaseInAppMessaging-Beta */,
				BF7F8BC12E15988E00DF3CFC /* FirebaseInstallations */,
				BF7F8BC32E15988E00DF3CFC /* FirebaseMLModelDownloader */,
				BF7F8BC52E15988E00DF3CFC /* FirebaseMessaging */,
				BF7F8BC72E15988E00DF3CFC /* FirebasePerformance */,
				BF7F8BC92E15988E00DF3CFC /* FirebaseRemoteConfig */,
				BF7F8BCB2E15988E00DF3CFC /* FirebaseStorage */,
				BF7F8BCD2E15988E00DF3CFC /* FirebaseStorageCombine-Community */,
				BF7F8BCF2E15988E00DF3CFC /* FirebaseVertexAI */,
			);
			productName = productene;
			productReference = BF7F8B792E13CCF400DF3CFC /* StudyArena.app */;
			productType = "com.apple.product-type.application";
		};
/* End PBXNativeTarget section */

/* Begin PBXProject section */
		BF7F8B712E13CCF400DF3CFC /* Project object */ = {
			isa = PBXProject;
			attributes = {
				BuildIndependentTargetsInParallel = 1;
				LastSwiftUpdateCheck = 1640;
				LastUpgradeCheck = 1640;
				TargetAttributes = {
					BF7F8B782E13CCF400DF3CFC = {
						CreatedOnToolsVersion = 16.4;
					};
				};
			};
			buildConfigurationList = BF7F8B742E13CCF400DF3CFC /* Build configuration list for PBXProject "StudyArena" */;
			developmentRegion = en;
			hasScannedForEncodings = 0;
			knownRegions = (
				en,
				Base,
			);
			mainGroup = BF7F8B702E13CCF400DF3CFC;
			minimizedProjectReferenceProxies = 1;
			packageReferences = (
				BF7F8B9A2E15988E00DF3CFC /* XCRemoteSwiftPackageReference "firebase-ios-sdk" */,
			);
			preferredProjectObjectVersion = 77;
			productRefGroup = BF7F8B7A2E13CCF400DF3CFC /* Products */;
			projectDirPath = "";
			projectRoot = "";
			targets = (
				BF7F8B782E13CCF400DF3CFC /* StudyArena */,
			);
		};
/* End PBXProject section */

/* Begin PBXResourcesBuildPhase section */
		BF7F8B772E13CCF400DF3CFC /* Resources */ = {
			isa = PBXResourcesBuildPhase;
			buildActionMask = 2147483647;
			files = (
				BF7F8B932E15099C00DF3CFC /* Assets.xcassets in Resources */,
				BFACD4932E58285200935FCE /* GoogleService-Info.plist in Resources */,
			);
			runOnlyForDeploymentPostprocessing = 0;
		};
/* End PBXResourcesBuildPhase section */

/* Begin PBXSourcesBuildPhase section */
		BF7F8B752E13CCF400DF3CFC /* Sources */ = {
			isa = PBXSourcesBuildPhase;
			buildActionMask = 2147483647;
			files = (
				BFAD2C462E408728004C748A /* PostCreateView.swift in Sources */,
				BFAD2C3F2E3E7469004C748A /* StudyRecord.swift in Sources */,
				BF639EB32E48EDC3004FCD52 /* MinimalDarkBackgroundView.swift in Sources */,
				BFACD4912E517C8800935FCE /* SideNavigationView.swift in Sources */,
				BFC0F9EC2E16509A00870CDD /* TimerButton.swift in Sources */,
				BFC0F9F22E1650D800870CDD /* RankingRow.swift in Sources */,
				BFC0F9E82E16507900870CDD /* UserStatusCard.swift in Sources */,
				BF7F8B902E15099C00DF3CFC /* ContentView.swift in Sources */,
				BFC0F9E22E16503200870CDD /* ErrorView.swift in Sources */,
				BF639EB12E48EC66004FCD52 /* RewardSystemView.swift in Sources */,
				BFAD2C442E408708004C748A /* TimelinePost.swift in Sources */,
				BF7F8B912E15099C00DF3CFC /* DataModel.swift in Sources */,
				BFAD2C422E3E7521004C748A /* TimelineView.swift in Sources */,
				BFC0F9F02E1650BF00870CDD /* RankingView.swift in Sources */,
				BFC0F9F82E16511700870CDD /* ProfileView.swift in Sources */,
				BFC0F9EA2E16508800870CDD /* TimerDisplay.swift in Sources */,
				BFACD48E2E517C1400935FCE /* Department.swift in Sources */,
				BF7F8B922E15099C00DF3CFC /* producteneApp.swift in Sources */,
				BFACD4882E49CDCC00935FCE /* TrophyDisplayCard.swift in Sources */,
				BFC0F9E42E16504B00870CDD /* MainTabView.swift in Sources */,
				BFC0F9DE2E164FE300870CDD /* LoadingView.swift in Sources */,
				BFC0F9E62E16505E00870CDD /* TimerView.swift in Sources */,
				BFAD2C3D2E3E71CF004C748A /* BackgroundTracker.swift in Sources */,
				BF7F8B972E150B2400DF3CFC /* MainViewModel.swift in Sources */,
			);
			runOnlyForDeploymentPostprocessing = 0;
		};
/* End PBXSourcesBuildPhase section */

/* Begin XCBuildConfiguration section */
		BF7F8B822E13CCF500DF3CFC /* Debug */ = {
			isa = XCBuildConfiguration;
			buildSettings = {
				ALWAYS_SEARCH_USER_PATHS = NO;
				ASSETCATALOG_COMPILER_GENERATE_SWIFT_ASSET_SYMBOL_EXTENSIONS = YES;
				CLANG_ANALYZER_NONNULL = YES;
				CLANG_ANALYZER_NUMBER_OBJECT_CONVERSION = YES_AGGRESSIVE;
				CLANG_CXX_LANGUAGE_STANDARD = "gnu++20";
				CLANG_ENABLE_MODULES = YES;
				CLANG_ENABLE_OBJC_ARC = YES;
				CLANG_ENABLE_OBJC_WEAK = YES;
				CLANG_WARN_BLOCK_CAPTURE_AUTORELEASING = YES;
				CLANG_WARN_BOOL_CONVERSION = YES;
				CLANG_WARN_COMMA = YES;
				CLANG_WARN_CONSTANT_CONVERSION = YES;
				CLANG_WARN_DEPRECATED_OBJC_IMPLEMENTATIONS = YES;
				CLANG_WARN_DIRECT_OBJC_ISA_USAGE = YES_ERROR;
				CLANG_WARN_DOCUMENTATION_COMMENTS = YES;
				CLANG_WARN_EMPTY_BODY = YES;
				CLANG_WARN_ENUM_CONVERSION = YES;
				CLANG_WARN_INFINITE_RECURSION = YES;
				CLANG_WARN_INT_CONVERSION = YES;
				CLANG_WARN_NON_LITERAL_NULL_CONVERSION = YES;
				CLANG_WARN_OBJC_IMPLICIT_RETAIN_SELF = YES;
				CLANG_WARN_OBJC_LITERAL_CONVERSION = YES;
				CLANG_WARN_OBJC_ROOT_CLASS = YES_ERROR;
				CLANG_WARN_QUOTED_INCLUDE_IN_FRAMEWORK_HEADER = YES;
				CLANG_WARN_RANGE_LOOP_ANALYSIS = YES;
				CLANG_WARN_STRICT_PROTOTYPES = YES;
				CLANG_WARN_SUSPICIOUS_MOVE = YES;
				CLANG_WARN_UNGUARDED_AVAILABILITY = YES_AGGRESSIVE;
				CLANG_WARN_UNREACHABLE_CODE = YES;
				CLANG_WARN__DUPLICATE_METHOD_MATCH = YES;
				COPY_PHASE_STRIP = NO;
				DEBUG_INFORMATION_FORMAT = "dwarf-with-dsym";
				DEVELOPMENT_TEAM = F2KY6KTH3H;
				ENABLE_STRICT_OBJC_MSGSEND = YES;
				ENABLE_TESTABILITY = YES;
				ENABLE_USER_SCRIPT_SANDBOXING = YES;
				GCC_C_LANGUAGE_STANDARD = gnu17;
				GCC_DYNAMIC_NO_PIC = NO;
				GCC_NO_COMMON_BLOCKS = YES;
				GCC_OPTIMIZATION_LEVEL = 0;
				GCC_PREPROCESSOR_DEFINITIONS = (
					"DEBUG=1",
					"$(inherited)",
				);
				GCC_WARN_64_TO_32_BIT_CONVERSION = YES;
				GCC_WARN_ABOUT_RETURN_TYPE = YES_ERROR;
				GCC_WARN_UNDECLARED_SELECTOR = YES;
				GCC_WARN_UNINITIALIZED_AUTOS = YES_AGGRESSIVE;
				GCC_WARN_UNUSED_FUNCTION = YES;
				GCC_WARN_UNUSED_VARIABLE = YES;
				IPHONEOS_DEPLOYMENT_TARGET = 18.5;
				LOCALIZATION_PREFERS_STRING_CATALOGS = YES;
				MTL_ENABLE_DEBUG_INFO = INCLUDE_SOURCE;
				MTL_FAST_MATH = YES;
				ONLY_ACTIVE_ARCH = YES;
				SDKROOT = iphoneos;
				SWIFT_ACTIVE_COMPILATION_CONDITIONS = "DEBUG $(inherited)";
				SWIFT_OPTIMIZATION_LEVEL = "-Onone";
			};
			name = Debug;
		};
		BF7F8B832E13CCF500DF3CFC /* Release */ = {
			isa = XCBuildConfiguration;
			buildSettings = {
				ALWAYS_SEARCH_USER_PATHS = NO;
				ASSETCATALOG_COMPILER_GENERATE_SWIFT_ASSET_SYMBOL_EXTENSIONS = YES;
				CLANG_ANALYZER_NONNULL = YES;
				CLANG_ANALYZER_NUMBER_OBJECT_CONVERSION = YES_AGGRESSIVE;
				CLANG_CXX_LANGUAGE_STANDARD = "gnu++20";
				CLANG_ENABLE_MODULES = YES;
				CLANG_ENABLE_OBJC_ARC = YES;
				CLANG_ENABLE_OBJC_WEAK = YES;
				CLANG_WARN_BLOCK_CAPTURE_AUTORELEASING = YES;
				CLANG_WARN_BOOL_CONVERSION = YES;
				CLANG_WARN_COMMA = YES;
				CLANG_WARN_CONSTANT_CONVERSION = YES;
				CLANG_WARN_DEPRECATED_OBJC_IMPLEMENTATIONS = YES;
				CLANG_WARN_DIRECT_OBJC_ISA_USAGE = YES_ERROR;
				CLANG_WARN_DOCUMENTATION_COMMENTS = YES;
				CLANG_WARN_EMPTY_BODY = YES;
				CLANG_WARN_ENUM_CONVERSION = YES;
				CLANG_WARN_INFINITE_RECURSION = YES;
				CLANG_WARN_INT_CONVERSION = YES;
				CLANG_WARN_NON_LITERAL_NULL_CONVERSION = YES;
				CLANG_WARN_OBJC_IMPLICIT_RETAIN_SELF = YES;
				CLANG_WARN_OBJC_LITERAL_CONVERSION = YES;
				CLANG_WARN_OBJC_ROOT_CLASS = YES_ERROR;
				CLANG_WARN_QUOTED_INCLUDE_IN_FRAMEWORK_HEADER = YES;
				CLANG_WARN_RANGE_LOOP_ANALYSIS = YES;
				CLANG_WARN_STRICT_PROTOTYPES = YES;
				CLANG_WARN_SUSPICIOUS_MOVE = YES;
				CLANG_WARN_UNGUARDED_AVAILABILITY = YES_AGGRESSIVE;
				CLANG_WARN_UNREACHABLE_CODE = YES;
				CLANG_WARN__DUPLICATE_METHOD_MATCH = YES;
				COPY_PHASE_STRIP = NO;
				DEBUG_INFORMATION_FORMAT = "dwarf-with-dsym";
				DEVELOPMENT_TEAM = F2KY6KTH3H;
				ENABLE_NS_ASSERTIONS = NO;
				ENABLE_STRICT_OBJC_MSGSEND = YES;
				ENABLE_USER_SCRIPT_SANDBOXING = YES;
				GCC_C_LANGUAGE_STANDARD = gnu17;
				GCC_NO_COMMON_BLOCKS = YES;
				GCC_WARN_64_TO_32_BIT_CONVERSION = YES;
				GCC_WARN_ABOUT_RETURN_TYPE = YES_ERROR;
				GCC_WARN_UNDECLARED_SELECTOR = YES;
				GCC_WARN_UNINITIALIZED_AUTOS = YES_AGGRESSIVE;
				GCC_WARN_UNUSED_FUNCTION = YES;
				GCC_WARN_UNUSED_VARIABLE = YES;
				IPHONEOS_DEPLOYMENT_TARGET = 18.5;
				LOCALIZATION_PREFERS_STRING_CATALOGS = YES;
				MTL_ENABLE_DEBUG_INFO = NO;
				MTL_FAST_MATH = YES;
				SDKROOT = iphoneos;
				SWIFT_COMPILATION_MODE = wholemodule;
				VALIDATE_PRODUCT = YES;
			};
			name = Release;
		};
		BF7F8B852E13CCF500DF3CFC /* Debug */ = {
			isa = XCBuildConfiguration;
			buildSettings = {
				ASSETCATALOG_COMPILER_APPICON_NAME = AppIcon;
				ASSETCATALOG_COMPILER_GLOBAL_ACCENT_COLOR_NAME = AccentColor;
				CODE_SIGN_STYLE = Automatic;
				CURRENT_PROJECT_VERSION = 3;
				DEVELOPMENT_TEAM = F2KY6KTH3H;
				ENABLE_PREVIEWS = YES;
				GENERATE_INFOPLIST_FILE = YES;
				INFOPLIST_KEY_CFBundleDisplayName = StudyArena;
				INFOPLIST_KEY_UIApplicationSceneManifest_Generation = YES;
				INFOPLIST_KEY_UIApplicationSupportsIndirectInputEvents = YES;
				INFOPLIST_KEY_UILaunchScreen_Generation = YES;
				INFOPLIST_KEY_UISupportedInterfaceOrientations_iPad = "UIInterfaceOrientationPortrait UIInterfaceOrientationPortraitUpsideDown UIInterfaceOrientationLandscapeLeft UIInterfaceOrientationLandscapeRight";
				INFOPLIST_KEY_UISupportedInterfaceOrientations_iPhone = "UIInterfaceOrientationPortrait UIInterfaceOrientationLandscapeLeft UIInterfaceOrientationLandscapeRight";
				LD_RUNPATH_SEARCH_PATHS = (
					"$(inherited)",
					"@executable_path/Frameworks",
				);
				MARKETING_VERSION = 1.3;
				PRODUCT_BUNDLE_IDENTIFIER = com.yasu.studyarena;
				PRODUCT_NAME = "$(TARGET_NAME)";
				SWIFT_EMIT_LOC_STRINGS = YES;
				SWIFT_VERSION = 5.0;
				TARGETED_DEVICE_FAMILY = "1,2";
			};
			name = Debug;
		};
		BF7F8B862E13CCF500DF3CFC /* Release */ = {
			isa = XCBuildConfiguration;
			buildSettings = {
				ASSETCATALOG_COMPILER_APPICON_NAME = AppIcon;
				ASSETCATALOG_COMPILER_GLOBAL_ACCENT_COLOR_NAME = AccentColor;
				CODE_SIGN_STYLE = Automatic;
				CURRENT_PROJECT_VERSION = 3;
				DEVELOPMENT_TEAM = F2KY6KTH3H;
				ENABLE_PREVIEWS = YES;
				GENERATE_INFOPLIST_FILE = YES;
				INFOPLIST_KEY_CFBundleDisplayName = StudyArena;
				INFOPLIST_KEY_UIApplicationSceneManifest_Generation = YES;
				INFOPLIST_KEY_UIApplicationSupportsIndirectInputEvents = YES;
				INFOPLIST_KEY_UILaunchScreen_Generation = YES;
				INFOPLIST_KEY_UISupportedInterfaceOrientations_iPad = "UIInterfaceOrientationPortrait UIInterfaceOrientationPortraitUpsideDown UIInterfaceOrientationLandscapeLeft UIInterfaceOrientationLandscapeRight";
				INFOPLIST_KEY_UISupportedInterfaceOrientations_iPhone = "UIInterfaceOrientationPortrait UIInterfaceOrientationLandscapeLeft UIInterfaceOrientationLandscapeRight";
				LD_RUNPATH_SEARCH_PATHS = (
					"$(inherited)",
					"@executable_path/Frameworks",
				);
				MARKETING_VERSION = 1.3;
				PRODUCT_BUNDLE_IDENTIFIER = com.yasu.studyarena;
				PRODUCT_NAME = "$(TARGET_NAME)";
				SWIFT_EMIT_LOC_STRINGS = YES;
				SWIFT_VERSION = 5.0;
				TARGETED_DEVICE_FAMILY = "1,2";
			};
			name = Release;
		};
/* End XCBuildConfiguration section */

/* Begin XCConfigurationList section */
		BF7F8B742E13CCF400DF3CFC /* Build configuration list for PBXProject "StudyArena" */ = {
			isa = XCConfigurationList;
			buildConfigurations = (
				BF7F8B822E13CCF500DF3CFC /* Debug */,
				BF7F8B832E13CCF500DF3CFC /* Release */,
			);
			defaultConfigurationIsVisible = 0;
			defaultConfigurationName = Release;
		};
		BF7F8B842E13CCF500DF3CFC /* Build configuration list for PBXNativeTarget "StudyArena" */ = {
			isa = XCConfigurationList;
			buildConfigurations = (
				BF7F8B852E13CCF500DF3CFC /* Debug */,
				BF7F8B862E13CCF500DF3CFC /* Release */,
			);
			defaultConfigurationIsVisible = 0;
			defaultConfigurationName = Release;
		};
/* End XCConfigurationList section */

/* Begin XCRemoteSwiftPackageReference section */
		BF7F8B9A2E15988E00DF3CFC /* XCRemoteSwiftPackageReference "firebase-ios-sdk" */ = {
			isa = XCRemoteSwiftPackageReference;
			repositoryURL = "https://github.com/firebase/firebase-ios-sdk";
			requirement = {
				kind = upToNextMajorVersion;
				minimumVersion = 11.15.0;
			};
		};
/* End XCRemoteSwiftPackageReference section */

/* Begin XCSwiftPackageProductDependency section */
		BF7F8B9B2E15988E00DF3CFC /* FirebaseAI */ = {
			isa = XCSwiftPackageProductDependency;
			package = BF7F8B9A2E15988E00DF3CFC /* XCRemoteSwiftPackageReference "firebase-ios-sdk" */;
			productName = FirebaseAI;
		};
		BF7F8B9D2E15988E00DF3CFC /* FirebaseAnalytics */ = {
			isa = XCSwiftPackageProductDependency;
			package = BF7F8B9A2E15988E00DF3CFC /* XCRemoteSwiftPackageReference "firebase-ios-sdk" */;
			productName = FirebaseAnalytics;
		};
		BF7F8B9F2E15988E00DF3CFC /* FirebaseAnalyticsCore */ = {
			isa = XCSwiftPackageProductDependency;
			package = BF7F8B9A2E15988E00DF3CFC /* XCRemoteSwiftPackageReference "firebase-ios-sdk" */;
			productName = FirebaseAnalyticsCore;
		};
		BF7F8BA12E15988E00DF3CFC /* FirebaseAnalyticsIdentitySupport */ = {
			isa = XCSwiftPackageProductDependency;
			package = BF7F8B9A2E15988E00DF3CFC /* XCRemoteSwiftPackageReference "firebase-ios-sdk" */;
			productName = FirebaseAnalyticsIdentitySupport;
		};
		BF7F8BA32E15988E00DF3CFC /* FirebaseAnalyticsOnDeviceConversion */ = {
			isa = XCSwiftPackageProductDependency;
			package = BF7F8B9A2E15988E00DF3CFC /* XCRemoteSwiftPackageReference "firebase-ios-sdk" */;
			productName = FirebaseAnalyticsOnDeviceConversion;
		};
		BF7F8BA52E15988E00DF3CFC /* FirebaseAnalyticsWithoutAdIdSupport */ = {
			isa = XCSwiftPackageProductDependency;
			package = BF7F8B9A2E15988E00DF3CFC /* XCRemoteSwiftPackageReference "firebase-ios-sdk" */;
			productName = FirebaseAnalyticsWithoutAdIdSupport;
		};
		BF7F8BA72E15988E00DF3CFC /* FirebaseAppCheck */ = {
			isa = XCSwiftPackageProductDependency;
			package = BF7F8B9A2E15988E00DF3CFC /* XCRemoteSwiftPackageReference "firebase-ios-sdk" */;
			productName = FirebaseAppCheck;
		};
		BF7F8BA92E15988E00DF3CFC /* FirebaseAppDistribution-Beta */ = {
			isa = XCSwiftPackageProductDependency;
			package = BF7F8B9A2E15988E00DF3CFC /* XCRemoteSwiftPackageReference "firebase-ios-sdk" */;
			productName = "FirebaseAppDistribution-Beta";
		};
		BF7F8BAB2E15988E00DF3CFC /* FirebaseAuth */ = {
			isa = XCSwiftPackageProductDependency;
			package = BF7F8B9A2E15988E00DF3CFC /* XCRemoteSwiftPackageReference "firebase-ios-sdk" */;
			productName = FirebaseAuth;
		};
		BF7F8BAD2E15988E00DF3CFC /* FirebaseAuthCombine-Community */ = {
			isa = XCSwiftPackageProductDependency;
			package = BF7F8B9A2E15988E00DF3CFC /* XCRemoteSwiftPackageReference "firebase-ios-sdk" */;
			productName = "FirebaseAuthCombine-Community";
		};
		BF7F8BAF2E15988E00DF3CFC /* FirebaseCore */ = {
			isa = XCSwiftPackageProductDependency;
			package = BF7F8B9A2E15988E00DF3CFC /* XCRemoteSwiftPackageReference "firebase-ios-sdk" */;
			productName = FirebaseCore;
		};
		BF7F8BB12E15988E00DF3CFC /* FirebaseCrashlytics */ = {
			isa = XCSwiftPackageProductDependency;
			package = BF7F8B9A2E15988E00DF3CFC /* XCRemoteSwiftPackageReference "firebase-ios-sdk" */;
			productName = FirebaseCrashlytics;
		};
		BF7F8BB32E15988E00DF3CFC /* FirebaseDatabase */ = {
			isa = XCSwiftPackageProductDependency;
			package = BF7F8B9A2E15988E00DF3CFC /* XCRemoteSwiftPackageReference "firebase-ios-sdk" */;
			productName = FirebaseDatabase;
		};
		BF7F8BB52E15988E00DF3CFC /* FirebaseDynamicLinks */ = {
			isa = XCSwiftPackageProductDependency;
			package = BF7F8B9A2E15988E00DF3CFC /* XCRemoteSwiftPackageReference "firebase-ios-sdk" */;
			productName = FirebaseDynamicLinks;
		};
		BF7F8BB72E15988E00DF3CFC /* FirebaseFirestore */ = {
			isa = XCSwiftPackageProductDependency;
			package = BF7F8B9A2E15988E00DF3CFC /* XCRemoteSwiftPackageReference "firebase-ios-sdk" */;
			productName = FirebaseFirestore;
		};
		BF7F8BB92E15988E00DF3CFC /* FirebaseFirestoreCombine-Community */ = {
			isa = XCSwiftPackageProductDependency;
			package = BF7F8B9A2E15988E00DF3CFC /* XCRemoteSwiftPackageReference "firebase-ios-sdk" */;
			productName = "FirebaseFirestoreCombine-Community";
		};
		BF7F8BBB2E15988E00DF3CFC /* FirebaseFunctions */ = {
			isa = XCSwiftPackageProductDependency;
			package = BF7F8B9A2E15988E00DF3CFC /* XCRemoteSwiftPackageReference "firebase-ios-sdk" */;
			productName = FirebaseFunctions;
		};
		BF7F8BBD2E15988E00DF3CFC /* FirebaseFunctionsCombine-Community */ = {
			isa = XCSwiftPackageProductDependency;
			package = BF7F8B9A2E15988E00DF3CFC /* XCRemoteSwiftPackageReference "firebase-ios-sdk" */;
			productName = "FirebaseFunctionsCombine-Community";
		};
		BF7F8BBF2E15988E00DF3CFC /* FirebaseInAppMessaging-Beta */ = {
			isa = XCSwiftPackageProductDependency;
			package = BF7F8B9A2E15988E00DF3CFC /* XCRemoteSwiftPackageReference "firebase-ios-sdk" */;
			productName = "FirebaseInAppMessaging-Beta";
		};
		BF7F8BC12E15988E00DF3CFC /* FirebaseInstallations */ = {
			isa = XCSwiftPackageProductDependency;
			package = BF7F8B9A2E15988E00DF3CFC /* XCRemoteSwiftPackageReference "firebase-ios-sdk" */;
			productName = FirebaseInstallations;
		};
		BF7F8BC32E15988E00DF3CFC /* FirebaseMLModelDownloader */ = {
			isa = XCSwiftPackageProductDependency;
			package = BF7F8B9A2E15988E00DF3CFC /* XCRemoteSwiftPackageReference "firebase-ios-sdk" */;
			productName = FirebaseMLModelDownloader;
		};
		BF7F8BC52E15988E00DF3CFC /* FirebaseMessaging */ = {
			isa = XCSwiftPackageProductDependency;
			package = BF7F8B9A2E15988E00DF3CFC /* XCRemoteSwiftPackageReference "firebase-ios-sdk" */;
			productName = FirebaseMessaging;
		};
		BF7F8BC72E15988E00DF3CFC /* FirebasePerformance */ = {
			isa = XCSwiftPackageProductDependency;
			package = BF7F8B9A2E15988E00DF3CFC /* XCRemoteSwiftPackageReference "firebase-ios-sdk" */;
			productName = FirebasePerformance;
		};
		BF7F8BC92E15988E00DF3CFC /* FirebaseRemoteConfig */ = {
			isa = XCSwiftPackageProductDependency;
			package = BF7F8B9A2E15988E00DF3CFC /* XCRemoteSwiftPackageReference "firebase-ios-sdk" */;
			productName = FirebaseRemoteConfig;
		};
		BF7F8BCB2E15988E00DF3CFC /* FirebaseStorage */ = {
			isa = XCSwiftPackageProductDependency;
			package = BF7F8B9A2E15988E00DF3CFC /* XCRemoteSwiftPackageReference "firebase-ios-sdk" */;
			productName = FirebaseStorage;
		};
		BF7F8BCD2E15988E00DF3CFC /* FirebaseStorageCombine-Community */ = {
			isa = XCSwiftPackageProductDependency;
			package = BF7F8B9A2E15988E00DF3CFC /* XCRemoteSwiftPackageReference "firebase-ios-sdk" */;
			productName = "FirebaseStorageCombine-Community";
		};
		BF7F8BCF2E15988E00DF3CFC /* FirebaseVertexAI */ = {
			isa = XCSwiftPackageProductDependency;
			package = BF7F8B9A2E15988E00DF3CFC /* XCRemoteSwiftPackageReference "firebase-ios-sdk" */;
			productName = FirebaseVertexAI;
		};
/* End XCSwiftPackageProductDependency section */
	};
	rootObject = BF7F8B712E13CCF400DF3CFC /* Project object */;
}
