// !$*UTF8*$!
{
	archiveVersion = 1;
	classes = {
	};
	objectVersion = 77;
	objects = {

/* Begin PBXBuildFile section */
		BF38EDFC2E6B38D2007437B7 /* FeedbackView.swift in Sources */ = {isa = PBXBuildFile; fileRef = BF38EDFB2E6B38D2007437B7 /* FeedbackView.swift */; };
		BF38EDFE2E6B392B007437B7 /* DepartmentBrowserView.swift in Sources */ = {isa = PBXBuildFile; fileRef = BF38EDFD2E6B392B007437B7 /* DepartmentBrowserView.swift */; };
		BF38EE032E6B3969007437B7 /* DepartmentCard.swift in Sources */ = {isa = PBXBuildFile; fileRef = BF38EE022E6B3969007437B7 /* DepartmentCard.swift */; };
		BF38EE052E6B39C3007437B7 /* CategoryChip.swift in Sources */ = {isa = PBXBuildFile; fileRef = BF38EE042E6B39C3007437B7 /* CategoryChip.swift */; };
		BF38EE092E6B3D79007437B7 /* Feedback.swift in Sources */ = {isa = PBXBuildFile; fileRef = BF38EE082E6B3D79007437B7 /* Feedback.swift */; };
		BF38EE0D2E6C2574007437B7 /* NotificationSettingsView.swift in Sources */ = {isa = PBXBuildFile; fileRef = BF38EE0C2E6C2574007437B7 /* NotificationSettingsView.swift */; };
		BF38EE0F2E7079A1007437B7 /* MBTILearningPatternView.swift in Sources */ = {isa = PBXBuildFile; fileRef = BF38EE0E2E7079A1007437B7 /* MBTILearningPatternView.swift */; };
		BF38EE122E76CC63007437B7 /* StudyStatisticsView.swift in Sources */ = {isa = PBXBuildFile; fileRef = BF38EE112E76CC63007437B7 /* StudyStatisticsView.swift */; };
		BF4B80D52F0FB4CD004EC274 /* DepartmentDetailView.swift in Sources */ = {isa = PBXBuildFile; fileRef = BF4B80D42F0FB4CD004EC274 /* DepartmentDetailView.swift */; };
		BF4B80D72F0FB4FB004EC274 /* DepartmentMemberListView.swift in Sources */ = {isa = PBXBuildFile; fileRef = BF4B80D62F0FB4FB004EC274 /* DepartmentMemberListView.swift */; };
		BF639EB12E48EC66004FCD52 /* RewardSystemView.swift in Sources */ = {isa = PBXBuildFile; fileRef = BF639EB02E48EC66004FCD52 /* RewardSystemView.swift */; };
		BF639EB32E48EDC3004FCD52 /* MinimalDarkBackgroundView.swift in Sources */ = {isa = PBXBuildFile; fileRef = BF639EB22E48EDC3004FCD52 /* MinimalDarkBackgroundView.swift */; };
		BF6F37042E65953100159804 /* MBTIStatData.swift in Sources */ = {isa = PBXBuildFile; fileRef = BF6F37032E65953100159804 /* MBTIStatData.swift */; };
		BF7F8B902E15099C00DF3CFC /* ContentView.swift in Sources */ = {isa = PBXBuildFile; fileRef = BF7F8B8C2E15099C00DF3CFC /* ContentView.swift */; };
		BF7F8B912E15099C00DF3CFC /* DataModel.swift in Sources */ = {isa = PBXBuildFile; fileRef = BF7F8B8D2E15099C00DF3CFC /* DataModel.swift */; };
		BF7F8B922E15099C00DF3CFC /* StudyArena.swift in Sources */ = {isa = PBXBuildFile; fileRef = BF7F8B8E2E15099C00DF3CFC /* StudyArena.swift */; };
		BF7F8B932E15099C00DF3CFC /* Assets.xcassets in Resources */ = {isa = PBXBuildFile; fileRef = BF7F8B8B2E15099C00DF3CFC /* Assets.xcassets */; };
		BF7F8B972E150B2400DF3CFC /* MainViewModel.swift in Sources */ = {isa = PBXBuildFile; fileRef = BF7F8B962E150B2400DF3CFC /* MainViewModel.swift */; };
		BF7F8B9C2E15988E00DF3CFC /* FirebaseAI in Frameworks */ = {isa = PBXBuildFile; productRef = BF7F8B9B2E15988E00DF3CFC /* FirebaseAI */; };
		BF7F8B9E2E15988E00DF3CFC /* FirebaseAnalytics in Frameworks */ = {isa = PBXBuildFile; productRef = BF7F8B9D2E15988E00DF3CFC /* FirebaseAnalytics */; };
		BF7F8BA02E15988E00DF3CFC /* FirebaseAnalyticsCore in Frameworks */ = {isa = PBXBuildFile; productRef = BF7F8B9F2E15988E00DF3CFC /* FirebaseAnalyticsCore */; };
		BF7F8BA22E15988E00DF3CFC /* FirebaseAnalyticsIdentitySupport in Frameworks */ = {isa = PBXBuildFile; productRef = BF7F8BA12E15988E00DF3CFC /* FirebaseAnalyticsIdentitySupport */; };
		BF7F8BA42E15988E00DF3CFC /* FirebaseAnalyticsOnDeviceConversion in Frameworks */ = {isa = PBXBuildFile; productRef = BF7F8BA32E15988E00DF3CFC /* FirebaseAnalyticsOnDeviceConversion */; };
		BF7F8BA62E15988E00DF3CFC /* FirebaseAnalyticsWithoutAdIdSupport in Frameworks */ = {isa = PBXBuildFile; productRef = BF7F8BA52E15988E00DF3CFC /* FirebaseAnalyticsWithoutAdIdSupport */; };
		BF7F8BA82E15988E00DF3CFC /* FirebaseAppCheck in Frameworks */ = {isa = PBXBuildFile; productRef = BF7F8BA72E15988E00DF3CFC /* FirebaseAppCheck */; };
		BF7F8BAA2E15988E00DF3CFC /* FirebaseAppDistribution-Beta in Frameworks */ = {isa = PBXBuildFile; productRef = BF7F8BA92E15988E00DF3CFC /* FirebaseAppDistribution-Beta */; };
		BF7F8BAC2E15988E00DF3CFC /* FirebaseAuth in Frameworks */ = {isa = PBXBuildFile; productRef = BF7F8BAB2E15988E00DF3CFC /* FirebaseAuth */; };
		BF7F8BAE2E15988E00DF3CFC /* FirebaseAuthCombine-Community in Frameworks */ = {isa = PBXBuildFile; productRef = BF7F8BAD2E15988E00DF3CFC /* FirebaseAuthCombine-Community */; };
		BF7F8BB02E15988E00DF3CFC /* FirebaseCore in Frameworks */ = {isa = PBXBuildFile; productRef = BF7F8BAF2E15988E00DF3CFC /* FirebaseCore */; };
		BF7F8BB22E15988E00DF3CFC /* FirebaseCrashlytics in Frameworks */ = {isa = PBXBuildFile; productRef = BF7F8BB12E15988E00DF3CFC /* FirebaseCrashlytics */; };
		BF7F8BB42E15988E00DF3CFC /* FirebaseDatabase in Frameworks */ = {isa = PBXBuildFile; productRef = BF7F8BB32E15988E00DF3CFC /* FirebaseDatabase */; };
		BF7F8BB62E15988E00DF3CFC /* FirebaseDynamicLinks in Frameworks */ = {isa = PBXBuildFile; productRef = BF7F8BB52E15988E00DF3CFC /* FirebaseDynamicLinks */; };
		BF7F8BB82E15988E00DF3CFC /* FirebaseFirestore in Frameworks */ = {isa = PBXBuildFile; productRef = BF7F8BB72E15988E00DF3CFC /* FirebaseFirestore */; };
		BF7F8BBA2E15988E00DF3CFC /* FirebaseFirestoreCombine-Community in Frameworks */ = {isa = PBXBuildFile; productRef = BF7F8BB92E15988E00DF3CFC /* FirebaseFirestoreCombine-Community */; };
		BF7F8BBC2E15988E00DF3CFC /* FirebaseFunctions in Frameworks */ = {isa = PBXBuildFile; productRef = BF7F8BBB2E15988E00DF3CFC /* FirebaseFunctions */; };
		BF7F8BBE2E15988E00DF3CFC /* FirebaseFunctionsCombine-Community in Frameworks */ = {isa = PBXBuildFile; productRef = BF7F8BBD2E15988E00DF3CFC /* FirebaseFunctionsCombine-Community */; };
		BF7F8BC02E15988E00DF3CFC /* FirebaseInAppMessaging-Beta in Frameworks */ = {isa = PBXBuildFile; productRef = BF7F8BBF2E15988E00DF3CFC /* FirebaseInAppMessaging-Beta */; };
		BF7F8BC22E15988E00DF3CFC /* FirebaseInstallations in Frameworks */ = {isa = PBXBuildFile; productRef = BF7F8BC12E15988E00DF3CFC /* FirebaseInstallations */; };
		BF7F8BC42E15988E00DF3CFC /* FirebaseMLModelDownloader in Frameworks */ = {isa = PBXBuildFile; productRef = BF7F8BC32E15988E00DF3CFC /* FirebaseMLModelDownloader */; };
		BF7F8BC62E15988E00DF3CFC /* FirebaseMessaging in Frameworks */ = {isa = PBXBuildFile; productRef = BF7F8BC52E15988E00DF3CFC /* FirebaseMessaging */; };
		BF7F8BC82E15988E00DF3CFC /* FirebasePerformance in Frameworks */ = {isa = PBXBuildFile; productRef = BF7F8BC72E15988E00DF3CFC /* FirebasePerformance */; };
		BF7F8BCA2E15988E00DF3CFC /* FirebaseRemoteConfig in Frameworks */ = {isa = PBXBuildFile; productRef = BF7F8BC92E15988E00DF3CFC /* FirebaseRemoteConfig */; };
		BF7F8BCC2E15988E00DF3CFC /* FirebaseStorage in Frameworks */ = {isa = PBXBuildFile; productRef = BF7F8BCB2E15988E00DF3CFC /* FirebaseStorage */; };
		BF7F8BCE2E15988E00DF3CFC /* FirebaseStorageCombine-Community in Frameworks */ = {isa = PBXBuildFile; productRef = BF7F8BCD2E15988E00DF3CFC /* FirebaseStorageCombine-Community */; };
		BF7F8BD02E15988E00DF3CFC /* FirebaseVertexAI in Frameworks */ = {isa = PBXBuildFile; productRef = BF7F8BCF2E15988E00DF3CFC /* FirebaseVertexAI */; };
		BFACD4882E49CDCC00935FCE /* TrophyDisplayCard.swift in Sources */ = {isa = PBXBuildFile; fileRef = BFACD4872E49CDCC00935FCE /* TrophyDisplayCard.swift */; };
		BFACD48E2E517C1400935FCE /* Department.swift in Sources */ = {isa = PBXBuildFile; fileRef = BFACD48D2E517C1400935FCE /* Department.swift */; };
		BFACD4912E517C8800935FCE /* SideNavigationView.swift in Sources */ = {isa = PBXBuildFile; fileRef = BFACD4902E517C8800935FCE /* SideNavigationView.swift */; };
		BFACD4932E58285200935FCE /* GoogleService-Info.plist in Resources */ = {isa = PBXBuildFile; fileRef = BFACD4922E58285200935FCE /* GoogleService-Info.plist */; };
		BFACD4962E5875F300935FCE /* StudyCalendarView.swift in Sources */ = {isa = PBXBuildFile; fileRef = BFACD4952E5875F300935FCE /* StudyCalendarView.swift */; };
		BFACD4982E588C6D00935FCE /* MBTIStatsView.swift in Sources */ = {isa = PBXBuildFile; fileRef = BFACD4972E588C6D00935FCE /* MBTIStatsView.swift */; };
		BFACD49A2E5898BB00935FCE /* MBTISelectionView.swift in Sources */ = {isa = PBXBuildFile; fileRef = BFACD4992E5898BB00935FCE /* MBTISelectionView.swift */; };
		BFAD2C3D2E3E71CF004C748A /* BackgroundTracker.swift in Sources */ = {isa = PBXBuildFile; fileRef = BFAD2C3C2E3E71CF004C748A /* BackgroundTracker.swift */; };
		BFAD2C3F2E3E7469004C748A /* StudyRecord.swift in Sources */ = {isa = PBXBuildFile; fileRef = BFAD2C3E2E3E7468004C748A /* StudyRecord.swift */; };
		BFAD2C422E3E7521004C748A /* TimelineView.swift in Sources */ = {isa = PBXBuildFile; fileRef = BFAD2C412E3E7521004C748A /* TimelineView.swift */; };
		BFAD2C442E408708004C748A /* TimelinePost.swift in Sources */ = {isa = PBXBuildFile; fileRef = BFAD2C432E408708004C748A /* TimelinePost.swift */; };
		BFAD2C462E408728004C748A /* PostCreateView.swift in Sources */ = {isa = PBXBuildFile; fileRef = BFAD2C452E408728004C748A /* PostCreateView.swift */; };
		BFC0F9DE2E164FE300870CDD /* LoadingView.swift in Sources */ = {isa = PBXBuildFile; fileRef = BFC0F9DD2E164FE300870CDD /* LoadingView.swift */; };
		BFC0F9E22E16503200870CDD /* ErrorView.swift in Sources */ = {isa = PBXBuildFile; fileRef = BFC0F9E12E16503200870CDD /* ErrorView.swift */; };
		BFC0F9E42E16504B00870CDD /* MainTabView.swift in Sources */ = {isa = PBXBuildFile; fileRef = BFC0F9E32E16504B00870CDD /* MainTabView.swift */; };
		BFC0F9E62E16505E00870CDD /* TimerView.swift in Sources */ = {isa = PBXBuildFile; fileRef = BFC0F9E52E16505E00870CDD /* TimerView.swift */; };
		BFC0F9E82E16507900870CDD /* UserStatusCard.swift in Sources */ = {isa = PBXBuildFile; fileRef = BFC0F9E72E16507900870CDD /* UserStatusCard.swift */; };
		BFC0F9EA2E16508800870CDD /* TimerDisplay.swift in Sources */ = {isa = PBXBuildFile; fileRef = BFC0F9E92E16508800870CDD /* TimerDisplay.swift */; };
		BFC0F9EC2E16509A00870CDD /* TimerButton.swift in Sources */ = {isa = PBXBuildFile; fileRef = BFC0F9EB2E16509A00870CDD /* TimerButton.swift */; };
		BFC0F9F02E1650BF00870CDD /* RankingView.swift in Sources */ = {isa = PBXBuildFile; fileRef = BFC0F9EF2E1650BF00870CDD /* RankingView.swift */; };
		BFC0F9F22E1650D800870CDD /* RankingRow.swift in Sources */ = {isa = PBXBuildFile; fileRef = BFC0F9F12E1650D800870CDD /* RankingRow.swift */; };
		BFC0F9F82E16511700870CDD /* ProfileView.swift in Sources */ = {isa = PBXBuildFile; fileRef = BFC0F9F72E16511700870CDD /* ProfileView.swift */; };
		BFC3B6E52EB8FDFB004959CE /* README.md in Resources */ = {isa = PBXBuildFile; fileRef = BFC3B6E42EB8FDFB004959CE /* README.md */; };
		BFD96FCB2F121D20008B1B5B /* TimerManager.swift in Sources */ = {isa = PBXBuildFile; fileRef = BFD96FCA2F121D20008B1B5B /* TimerManager.swift */; };
		BFD96FCD2F121D3A008B1B5B /* AuthManager.swift in Sources */ = {isa = PBXBuildFile; fileRef = BFD96FCC2F121D3A008B1B5B /* AuthManager.swift */; };
		BFD96FCF2F1224C0008B1B5B /* FeedbackService.swift in Sources */ = {isa = PBXBuildFile; fileRef = BFD96FCE2F1224C0008B1B5B /* FeedbackService.swift */; };
		BFD96FD12F12254F008B1B5B /* NotificationManager.swift in Sources */ = {isa = PBXBuildFile; fileRef = BFD96FD02F12254F008B1B5B /* NotificationManager.swift */; };
		BFD96FD32F1225C6008B1B5B /* UserService.swift in Sources */ = {isa = PBXBuildFile; fileRef = BFD96FD22F1225C6008B1B5B /* UserService.swift */; };
		BFDC6A952F0FCC31009CA955 /* DepartmentService.swift in Sources */ = {isa = PBXBuildFile; fileRef = BFDC6A942F0FCC31009CA955 /* DepartmentService.swift */; };
		BFDC6A972F0FF146009CA955 /* DepartmentViewModel.swift in Sources */ = {isa = PBXBuildFile; fileRef = BFDC6A962F0FF146009CA955 /* DepartmentViewModel.swift */; };
		BFDC6A992F109F01009CA955 /* MBTIViewModel.swift in Sources */ = {isa = PBXBuildFile; fileRef = BFDC6A982F109F01009CA955 /* MBTIViewModel.swift */; };
		BFDC6A9B2F109F28009CA955 /* MBTIService.swift in Sources */ = {isa = PBXBuildFile; fileRef = BFDC6A9A2F109F28009CA955 /* MBTIService.swift */; };
		BFDC6A9D2F10A230009CA955 /* MBTIType.swift in Sources */ = {isa = PBXBuildFile; fileRef = BFDC6A9C2F10A230009CA955 /* MBTIType.swift */; };
		BFDC6A9F2F10D5FA009CA955 /* TimelineViewModel.swift in Sources */ = {isa = PBXBuildFile; fileRef = BFDC6A9E2F10D5FA009CA955 /* TimelineViewModel.swift */; };
		BFDC6AA12F10D8D8009CA955 /* TimelineService.swift in Sources */ = {isa = PBXBuildFile; fileRef = BFDC6AA02F10D8D8009CA955 /* TimelineService.swift */; };
		BFDC6AA32F10DD41009CA955 /* StudyRecordViewModel.swift in Sources */ = {isa = PBXBuildFile; fileRef = BFDC6AA22F10DD41009CA955 /* StudyRecordViewModel.swift */; };
		BFDC6AA52F10DD64009CA955 /* StudyRecordService.swift in Sources */ = {isa = PBXBuildFile; fileRef = BFDC6AA42F10DD64009CA955 /* StudyRecordService.swift */; };
/* End PBXBuildFile section */

/* Begin PBXFileReference section */
		BF32D7C12E7D9FB100B2643D /* Info.plist */ = {isa = PBXFileReference; lastKnownFileType = text.plist; path = Info.plist; sourceTree = "<group>"; };
		BF38EDFB2E6B38D2007437B7 /* FeedbackView.swift */ = {isa = PBXFileReference; lastKnownFileType = sourcecode.swift; path = FeedbackView.swift; sourceTree = "<group>"; };
		BF38EDFD2E6B392B007437B7 /* DepartmentBrowserView.swift */ = {isa = PBXFileReference; lastKnownFileType = sourcecode.swift; path = DepartmentBrowserView.swift; sourceTree = "<group>"; };
		BF38EE022E6B3969007437B7 /* DepartmentCard.swift */ = {isa = PBXFileReference; lastKnownFileType = sourcecode.swift; path = DepartmentCard.swift; sourceTree = "<group>"; };
		BF38EE042E6B39C3007437B7 /* CategoryChip.swift */ = {isa = PBXFileReference; lastKnownFileType = sourcecode.swift; path = CategoryChip.swift; sourceTree = "<group>"; };
		BF38EE082E6B3D79007437B7 /* Feedback.swift */ = {isa = PBXFileReference; lastKnownFileType = sourcecode.swift; path = Feedback.swift; sourceTree = "<group>"; };
		BF38EE0C2E6C2574007437B7 /* NotificationSettingsView.swift */ = {isa = PBXFileReference; lastKnownFileType = sourcecode.swift; path = NotificationSettingsView.swift; sourceTree = "<group>"; };
		BF38EE0E2E7079A1007437B7 /* MBTILearningPatternView.swift */ = {isa = PBXFileReference; lastKnownFileType = sourcecode.swift; path = MBTILearningPatternView.swift; sourceTree = "<group>"; };
		BF38EE112E76CC63007437B7 /* StudyStatisticsView.swift */ = {isa = PBXFileReference; lastKnownFileType = sourcecode.swift; path = StudyStatisticsView.swift; sourceTree = "<group>"; };
		BF4B80D42F0FB4CD004EC274 /* DepartmentDetailView.swift */ = {isa = PBXFileReference; lastKnownFileType = sourcecode.swift; path = DepartmentDetailView.swift; sourceTree = "<group>"; };
		BF4B80D62F0FB4FB004EC274 /* DepartmentMemberListView.swift */ = {isa = PBXFileReference; lastKnownFileType = sourcecode.swift; path = DepartmentMemberListView.swift; sourceTree = "<group>"; };
		BF639EB02E48EC66004FCD52 /* RewardSystemView.swift */ = {isa = PBXFileReference; lastKnownFileType = sourcecode.swift; path = RewardSystemView.swift; sourceTree = "<group>"; };
		BF639EB22E48EDC3004FCD52 /* MinimalDarkBackgroundView.swift */ = {isa = PBXFileReference; lastKnownFileType = sourcecode.swift; path = MinimalDarkBackgroundView.swift; sourceTree = "<group>"; };
		BF6F37032E65953100159804 /* MBTIStatData.swift */ = {isa = PBXFileReference; lastKnownFileType = sourcecode.swift; path = MBTIStatData.swift; sourceTree = "<group>"; };
		BF7F8B792E13CCF400DF3CFC /* StudyArena.app */ = {isa = PBXFileReference; explicitFileType = wrapper.application; includeInIndex = 0; path = StudyArena.app; sourceTree = BUILT_PRODUCTS_DIR; };
		BF7F8B8B2E15099C00DF3CFC /* Assets.xcassets */ = {isa = PBXFileReference; lastKnownFileType = folder.assetcatalog; path = Assets.xcassets; sourceTree = "<group>"; };
		BF7F8B8C2E15099C00DF3CFC /* ContentView.swift */ = {isa = PBXFileReference; lastKnownFileType = sourcecode.swift; path = ContentView.swift; sourceTree = "<group>"; };
		BF7F8B8D2E15099C00DF3CFC /* DataModel.swift */ = {isa = PBXFileReference; lastKnownFileType = sourcecode.swift; path = DataModel.swift; sourceTree = "<group>"; };
		BF7F8B8E2E15099C00DF3CFC /* StudyArena.swift */ = {isa = PBXFileReference; lastKnownFileType = sourcecode.swift; path = StudyArena.swift; sourceTree = "<group>"; };
		BF7F8B962E150B2400DF3CFC /* MainViewModel.swift */ = {isa = PBXFileReference; lastKnownFileType = sourcecode.swift; path = MainViewModel.swift; sourceTree = "<group>"; };
		BFACD4872E49CDCC00935FCE /* TrophyDisplayCard.swift */ = {isa = PBXFileReference; lastKnownFileType = sourcecode.swift; path = TrophyDisplayCard.swift; sourceTree = "<group>"; };
		BFACD48D2E517C1400935FCE /* Department.swift */ = {isa = PBXFileReference; lastKnownFileType = sourcecode.swift; path = Department.swift; sourceTree = "<group>"; };
		BFACD4902E517C8800935FCE /* SideNavigationView.swift */ = {isa = PBXFileReference; lastKnownFileType = sourcecode.swift; path = SideNavigationView.swift; sourceTree = "<group>"; };
		BFACD4922E58285200935FCE /* GoogleService-Info.plist */ = {isa = PBXFileReference; lastKnownFileType = text.plist.xml; path = "GoogleService-Info.plist"; sourceTree = "<group>"; };
		BFACD4952E5875F300935FCE /* StudyCalendarView.swift */ = {isa = PBXFileReference; lastKnownFileType = sourcecode.swift; path = StudyCalendarView.swift; sourceTree = "<group>"; };
		BFACD4972E588C6D00935FCE /* MBTIStatsView.swift */ = {isa = PBXFileReference; lastKnownFileType = sourcecode.swift; path = MBTIStatsView.swift; sourceTree = "<group>"; };
		BFACD4992E5898BB00935FCE /* MBTISelectionView.swift */ = {isa = PBXFileReference; lastKnownFileType = sourcecode.swift; path = MBTISelectionView.swift; sourceTree = "<group>"; };
		BFAD2C3C2E3E71CF004C748A /* BackgroundTracker.swift */ = {isa = PBXFileReference; lastKnownFileType = sourcecode.swift; path = BackgroundTracker.swift; sourceTree = "<group>"; };
		BFAD2C3E2E3E7468004C748A /* StudyRecord.swift */ = {isa = PBXFileReference; lastKnownFileType = sourcecode.swift; path = StudyRecord.swift; sourceTree = "<group>"; };
		BFAD2C412E3E7521004C748A /* TimelineView.swift */ = {isa = PBXFileReference; lastKnownFileType = sourcecode.swift; path = TimelineView.swift; sourceTree = "<group>"; };
		BFAD2C432E408708004C748A /* TimelinePost.swift */ = {isa = PBXFileReference; lastKnownFileType = sourcecode.swift; path = TimelinePost.swift; sourceTree = "<group>"; };
		BFAD2C452E408728004C748A /* PostCreateView.swift */ = {isa = PBXFileReference; lastKnownFileType = sourcecode.swift; path = PostCreateView.swift; sourceTree = "<group>"; };
		BFC0F9DD2E164FE300870CDD /* LoadingView.swift */ = {isa = PBXFileReference; lastKnownFileType = sourcecode.swift; path = LoadingView.swift; sourceTree = "<group>"; };
		BFC0F9E12E16503200870CDD /* ErrorView.swift */ = {isa = PBXFileReference; lastKnownFileType = sourcecode.swift; path = ErrorView.swift; sourceTree = "<group>"; };
		BFC0F9E32E16504B00870CDD /* MainTabView.swift */ = {isa = PBXFileReference; lastKnownFileType = sourcecode.swift; path = MainTabView.swift; sourceTree = "<group>"; };
		BFC0F9E52E16505E00870CDD /* TimerView.swift */ = {isa = PBXFileReference; lastKnownFileType = sourcecode.swift; path = TimerView.swift; sourceTree = "<group>"; };
		BFC0F9E72E16507900870CDD /* UserStatusCard.swift */ = {isa = PBXFileReference; lastKnownFileType = sourcecode.swift; path = UserStatusCard.swift; sourceTree = "<group>"; };
		BFC0F9E92E16508800870CDD /* TimerDisplay.swift */ = {isa = PBXFileReference; lastKnownFileType = sourcecode.swift; path = TimerDisplay.swift; sourceTree = "<group>"; };
		BFC0F9EB2E16509A00870CDD /* TimerButton.swift */ = {isa = PBXFileReference; lastKnownFileType = sourcecode.swift; path = TimerButton.swift; sourceTree = "<group>"; };
		BFC0F9EF2E1650BF00870CDD /* RankingView.swift */ = {isa = PBXFileReference; lastKnownFileType = sourcecode.swift; path = RankingView.swift; sourceTree = "<group>"; };
		BFC0F9F12E1650D800870CDD /* RankingRow.swift */ = {isa = PBXFileReference; lastKnownFileType = sourcecode.swift; path = RankingRow.swift; sourceTree = "<group>"; };
		BFC0F9F72E16511700870CDD /* ProfileView.swift */ = {isa = PBXFileReference; lastKnownFileType = sourcecode.swift; path = ProfileView.swift; sourceTree = "<group>"; };
		BFC3B6E42EB8FDFB004959CE /* README.md */ = {isa = PBXFileReference; lastKnownFileType = net.daringfireball.markdown; path = README.md; sourceTree = "<group>"; };
		BFD96FCA2F121D20008B1B5B /* TimerManager.swift */ = {isa = PBXFileReference; lastKnownFileType = sourcecode.swift; path = TimerManager.swift; sourceTree = "<group>"; };
		BFD96FCC2F121D3A008B1B5B /* AuthManager.swift */ = {isa = PBXFileReference; lastKnownFileType = sourcecode.swift; path = AuthManager.swift; sourceTree = "<group>"; };
		BFD96FCE2F1224C0008B1B5B /* FeedbackService.swift */ = {isa = PBXFileReference; lastKnownFileType = sourcecode.swift; path = FeedbackService.swift; sourceTree = "<group>"; };
		BFD96FD02F12254F008B1B5B /* NotificationManager.swift */ = {isa = PBXFileReference; lastKnownFileType = sourcecode.swift; path = NotificationManager.swift; sourceTree = "<group>"; };
		BFD96FD22F1225C6008B1B5B /* UserService.swift */ = {isa = PBXFileReference; lastKnownFileType = sourcecode.swift; path = UserService.swift; sourceTree = "<group>"; };
		BFDC6A942F0FCC31009CA955 /* DepartmentService.swift */ = {isa = PBXFileReference; lastKnownFileType = sourcecode.swift; path = DepartmentService.swift; sourceTree = "<group>"; };
		BFDC6A962F0FF146009CA955 /* DepartmentViewModel.swift */ = {isa = PBXFileReference; lastKnownFileType = sourcecode.swift; path = DepartmentViewModel.swift; sourceTree = "<group>"; };
		BFDC6A982F109F01009CA955 /* MBTIViewModel.swift */ = {isa = PBXFileReference; lastKnownFileType = sourcecode.swift; path = MBTIViewModel.swift; sourceTree = "<group>"; };
		BFDC6A9A2F109F28009CA955 /* MBTIService.swift */ = {isa = PBXFileReference; lastKnownFileType = sourcecode.swift; path = MBTIService.swift; sourceTree = "<group>"; };
		BFDC6A9C2F10A230009CA955 /* MBTIType.swift */ = {isa = PBXFileReference; lastKnownFileType = sourcecode.swift; path = MBTIType.swift; sourceTree = "<group>"; };
		BFDC6A9E2F10D5FA009CA955 /* TimelineViewModel.swift */ = {isa = PBXFileReference; lastKnownFileType = sourcecode.swift; path = TimelineViewModel.swift; sourceTree = "<group>"; };
		BFDC6AA02F10D8D8009CA955 /* TimelineService.swift */ = {isa = PBXFileReference; lastKnownFileType = sourcecode.swift; path = TimelineService.swift; sourceTree = "<group>"; };
		BFDC6AA22F10DD41009CA955 /* StudyRecordViewModel.swift */ = {isa = PBXFileReference; lastKnownFileType = sourcecode.swift; path = StudyRecordViewModel.swift; sourceTree = "<group>"; };
		BFDC6AA42F10DD64009CA955 /* StudyRecordService.swift */ = {isa = PBXFileReference; lastKnownFileType = sourcecode.swift; path = StudyRecordService.swift; sourceTree = "<group>"; };
/* End PBXFileReference section */

/* Begin PBXFrameworksBuildPhase section */
		BF7F8B762E13CCF400DF3CFC /* Frameworks */ = {
			isa = PBXFrameworksBuildPhase;
			buildActionMask = 2147483647;
			files = (
				BF7F8BBC2E15988E00DF3CFC /* FirebaseFunctions in Frameworks */,
				BF7F8BB42E15988E00DF3CFC /* FirebaseDatabase in Frameworks */,
				BF7F8BA22E15988E00DF3CFC /* FirebaseAnalyticsIdentitySupport in Frameworks */,
				BF7F8BCC2E15988E00DF3CFC /* FirebaseStorage in Frameworks */,
				BF7F8BA62E15988E00DF3CFC /* FirebaseAnalyticsWithoutAdIdSupport in Frameworks */,
				BF7F8BB02E15988E00DF3CFC /* FirebaseCore in Frameworks */,
				BF7F8B9E2E15988E00DF3CFC /* FirebaseAnalytics in Frameworks */,
				BF7F8BC42E15988E00DF3CFC /* FirebaseMLModelDownloader in Frameworks */,
				BF7F8BB62E15988E00DF3CFC /* FirebaseDynamicLinks in Frameworks */,
				BF7F8BA42E15988E00DF3CFC /* FirebaseAnalyticsOnDeviceConversion in Frameworks */,
				BF7F8BAC2E15988E00DF3CFC /* FirebaseAuth in Frameworks */,
				BF7F8BB82E15988E00DF3CFC /* FirebaseFirestore in Frameworks */,
				BF7F8BBA2E15988E00DF3CFC /* FirebaseFirestoreCombine-Community in Frameworks */,
				BF7F8BD02E15988E00DF3CFC /* FirebaseVertexAI in Frameworks */,
				BF7F8BC02E15988E00DF3CFC /* FirebaseInAppMessaging-Beta in Frameworks */,
				BF7F8BBE2E15988E00DF3CFC /* FirebaseFunctionsCombine-Community in Frameworks */,
				BF7F8BA82E15988E00DF3CFC /* FirebaseAppCheck in Frameworks */,
				BF7F8BCE2E15988E00DF3CFC /* FirebaseStorageCombine-Community in Frameworks */,
				BF7F8BCA2E15988E00DF3CFC /* FirebaseRemoteConfig in Frameworks */,
				BF7F8BA02E15988E00DF3CFC /* FirebaseAnalyticsCore in Frameworks */,
				BF7F8B9C2E15988E00DF3CFC /* FirebaseAI in Frameworks */,
				BF7F8BC82E15988E00DF3CFC /* FirebasePerformance in Frameworks */,
				BF7F8BB22E15988E00DF3CFC /* FirebaseCrashlytics in Frameworks */,
				BF7F8BAA2E15988E00DF3CFC /* FirebaseAppDistribution-Beta in Frameworks */,
				BF7F8BAE2E15988E00DF3CFC /* FirebaseAuthCombine-Community in Frameworks */,
				BF7F8BC62E15988E00DF3CFC /* FirebaseMessaging in Frameworks */,
				BF7F8BC22E15988E00DF3CFC /* FirebaseInstallations in Frameworks */,
			);
			runOnlyForDeploymentPostprocessing = 0;
		};
/* End PBXFrameworksBuildPhase section */

/* Begin PBXGroup section */
		BF38EE012E6B3950007437B7 /* Department */ = {
			isa = PBXGroup;
			children = (
				BF38EDFD2E6B392B007437B7 /* DepartmentBrowserView.swift */,
				BF38EE042E6B39C3007437B7 /* CategoryChip.swift */,
				BF38EE022E6B3969007437B7 /* DepartmentCard.swift */,
				BF4B80D62F0FB4FB004EC274 /* DepartmentMemberListView.swift */,
				BF4B80D42F0FB4CD004EC274 /* DepartmentDetailView.swift */,
			);
			path = Department;
			sourceTree = "<group>";
		};
		BF38EE062E6B39FC007437B7 /* Support */ = {
			isa = PBXGroup;
			children = (
				BF38EDFB2E6B38D2007437B7 /* FeedbackView.swift */,
			);
			path = Support;
			sourceTree = "<group>";
		};
		BF38EE072E6B3A45007437B7 /* Setting */ = {
			isa = PBXGroup;
			children = (
				BF38EE0C2E6C2574007437B7 /* NotificationSettingsView.swift */,
			);
			path = Setting;
			sourceTree = "<group>";
		};
		BF38EE102E76CC17007437B7 /* StudyStatic */ = {
			isa = PBXGroup;
			children = (
				BF38EE112E76CC63007437B7 /* StudyStatisticsView.swift */,
			);
			path = StudyStatic;
			sourceTree = "<group>";
		};
		BF7F8B702E13CCF400DF3CFC = {
			isa = PBXGroup;
			children = (
				BF7F8B8F2E15099C00DF3CFC /* StudyArena */,
				BFC0F9DB2E159B1800870CDD /* Frameworks */,
				BF7F8B7A2E13CCF400DF3CFC /* Products */,
				BFACD4922E58285200935FCE /* GoogleService-Info.plist */,
				BFC3B6E42EB8FDFB004959CE /* README.md */,
			);
			sourceTree = "<group>";
		};
		BF7F8B7A2E13CCF400DF3CFC /* Products */ = {
			isa = PBXGroup;
			children = (
				BF7F8B792E13CCF400DF3CFC /* StudyArena.app */,
			);
			name = Products;
			sourceTree = "<group>";
		};
		BF7F8B8A2E15099C00DF3CFC /* Model */ = {
			isa = PBXGroup;
			children = (
				BFAD2C3E2E3E7468004C748A /* StudyRecord.swift */,
				BFACD48D2E517C1400935FCE /* Department.swift */,
				BFAD2C3C2E3E71CF004C748A /* BackgroundTracker.swift */,
				BF7F8B8D2E15099C00DF3CFC /* DataModel.swift */,
				BFDC6A9C2F10A230009CA955 /* MBTIType.swift */,
				BFAD2C432E408708004C748A /* TimelinePost.swift */,
				BF38EE082E6B3D79007437B7 /* Feedback.swift */,
			);
			path = Model;
			sourceTree = "<group>";
		};
		BF7F8B8F2E15099C00DF3CFC /* StudyArena */ = {
			isa = PBXGroup;
			children = (
				BF32D7C12E7D9FB100B2643D /* Info.plist */,
				BF7F8B8A2E15099C00DF3CFC /* Model */,
				BFDC6A902F0FCB8D009CA955 /* Services */,
				BFDC6A912F0FCBB7009CA955 /* Managers */,
				BFACD48C2E50EFD300935FCE /* ViewModels */,
				BF7F8B942E150A2A00DF3CFC /* Views */,
				BF7F8B8E2E15099C00DF3CFC /* StudyArena.swift */,
				BF7F8B8B2E15099C00DF3CFC /* Assets.xcassets */,
			);
			path = StudyArena;
			sourceTree = "<group>";
		};
		BF7F8B942E150A2A00DF3CFC /* Views */ = {
			isa = PBXGroup;
			children = (
				BF7F8B8C2E15099C00DF3CFC /* ContentView.swift */,
				BFC0F9E32E16504B00870CDD /* MainTabView.swift */,
				BFACD48F2E517C4E00935FCE /* Navigation */,
				BFC0F9DC2E164FC000870CDD /* MainTabViewParts */,
			);
			path = Views;
			sourceTree = "<group>";
		};
		BFACD48B2E5057F500935FCE /* Timeline */ = {
			isa = PBXGroup;
			children = (
				BFAD2C412E3E7521004C748A /* TimelineView.swift */,
				BFAD2C452E408728004C748A /* PostCreateView.swift */,
			);
			path = Timeline;
			sourceTree = "<group>";
		};
		BFACD48C2E50EFD300935FCE /* ViewModels */ = {
			isa = PBXGroup;
			children = (
				BF7F8B962E150B2400DF3CFC /* MainViewModel.swift */,
				BFDC6AA22F10DD41009CA955 /* StudyRecordViewModel.swift */,
				BFDC6A9E2F10D5FA009CA955 /* TimelineViewModel.swift */,
				BFDC6A962F0FF146009CA955 /* DepartmentViewModel.swift */,
				BFDC6A982F109F01009CA955 /* MBTIViewModel.swift */,
			);
			path = ViewModels;
			sourceTree = "<group>";
		};
		BFACD48F2E517C4E00935FCE /* Navigation */ = {
			isa = PBXGroup;
			children = (
				BFACD4902E517C8800935FCE /* SideNavigationView.swift */,
				BF38EE102E76CC17007437B7 /* StudyStatic */,
				BF38EE012E6B3950007437B7 /* Department */,
				BFACD4942E5875E100935FCE /* Static */,
				BF38EE072E6B3A45007437B7 /* Setting */,
				BF38EE062E6B39FC007437B7 /* Support */,
			);
			path = Navigation;
			sourceTree = "<group>";
		};
		BFACD4942E5875E100935FCE /* Static */ = {
			isa = PBXGroup;
			children = (
				BFACD4972E588C6D00935FCE /* MBTIStatsView.swift */,
				BF6F37032E65953100159804 /* MBTIStatData.swift */,
				BFACD4992E5898BB00935FCE /* MBTISelectionView.swift */,
				BFACD4952E5875F300935FCE /* StudyCalendarView.swift */,
				BF38EE0E2E7079A1007437B7 /* MBTILearningPatternView.swift */,
			);
			path = Static;
			sourceTree = "<group>";
		};
		BFC0F9DB2E159B1800870CDD /* Frameworks */ = {
			isa = PBXGroup;
			children = (
			);
			name = Frameworks;
			sourceTree = "<group>";
		};
		BFC0F9DC2E164FC000870CDD /* MainTabViewParts */ = {
			isa = PBXGroup;
			children = (
				BF639EB02E48EC66004FCD52 /* RewardSystemView.swift */,
				BFC0F9DD2E164FE300870CDD /* LoadingView.swift */,
				BFC0F9E12E16503200870CDD /* ErrorView.swift */,
				BFC0F9F92E16513E00870CDD /* Timer */,
				BFC0F9FA2E16515A00870CDD /* Ranking */,
				BFACD48B2E5057F500935FCE /* Timeline */,
				BFC0F9FC2E1651E900870CDD /* Prifile */,
			);
			path = MainTabViewParts;
			sourceTree = "<group>";
		};
		BFC0F9F92E16513E00870CDD /* Timer */ = {
			isa = PBXGroup;
			children = (
				BFC0F9E52E16505E00870CDD /* TimerView.swift */,
				BFC0F9E92E16508800870CDD /* TimerDisplay.swift */,
				BFC0F9EB2E16509A00870CDD /* TimerButton.swift */,
				BF639EB22E48EDC3004FCD52 /* MinimalDarkBackgroundView.swift */,
			);
			path = Timer;
			sourceTree = "<group>";
		};
		BFC0F9FA2E16515A00870CDD /* Ranking */ = {
			isa = PBXGroup;
			children = (
				BFC0F9EF2E1650BF00870CDD /* RankingView.swift */,
				BFC0F9F12E1650D800870CDD /* RankingRow.swift */,
			);
			path = Ranking;
			sourceTree = "<group>";
		};
		BFC0F9FC2E1651E900870CDD /* Prifile */ = {
			isa = PBXGroup;
			children = (
				BFC0F9F72E16511700870CDD /* ProfileView.swift */,
				BFC0F9E72E16507900870CDD /* UserStatusCard.swift */,
				BFACD4872E49CDCC00935FCE /* TrophyDisplayCard.swift */,
			);
			path = Prifile;
			sourceTree = "<group>";
		};
		BFDC6A902F0FCB8D009CA955 /* Services */ = {
			isa = PBXGroup;
			children = (
				BFDC6A942F0FCC31009CA955 /* DepartmentService.swift */,
				BFD96FCE2F1224C0008B1B5B /* FeedbackService.swift */,
				BFDC6A9A2F109F28009CA955 /* MBTIService.swift */,
				BFDC6AA02F10D8D8009CA955 /* TimelineService.swift */,
				BFD96FD22F1225C6008B1B5B /* UserService.swift */,
				BFDC6AA42F10DD64009CA955 /* StudyRecordService.swift */,
			);
			path = Services;
			sourceTree = "<group>";
		};
		BFDC6A912F0FCBB7009CA955 /* Managers */ = {
			isa = PBXGroup;
			children = (
				BFD96FCA2F121D20008B1B5B /* TimerManager.swift */,
				BFD96FCC2F121D3A008B1B5B /* AuthManager.swift */,
				BFD96FD02F12254F008B1B5B /* NotificationManager.swift */,
			);
			path = Managers;
			sourceTree = "<group>";
		};
/* End PBXGroup section */

/* Begin PBXNativeTarget section */
		BF7F8B782E13CCF400DF3CFC /* StudyArena */ = {
			isa = PBXNativeTarget;
			buildConfigurationList = BF7F8B842E13CCF500DF3CFC /* Build configuration list for PBXNativeTarget "StudyArena" */;
			buildPhases = (
				BF7F8B752E13CCF400DF3CFC /* Sources */,
				BF7F8B762E13CCF400DF3CFC /* Frameworks */,
				BF7F8B772E13CCF400DF3CFC /* Resources */,
				BF38EE132E770B71007437B7 /* ShellScript */,
			);
			buildRules = (
			);
			dependencies = (
			);
			name = StudyArena;
			packageProductDependencies = (
				BF7F8B9B2E15988E00DF3CFC /* FirebaseAI */,
				BF7F8B9D2E15988E00DF3CFC /* FirebaseAnalytics */,
				BF7F8B9F2E15988E00DF3CFC /* FirebaseAnalyticsCore */,
				BF7F8BA12E15988E00DF3CFC /* FirebaseAnalyticsIdentitySupport */,
				BF7F8BA32E15988E00DF3CFC /* FirebaseAnalyticsOnDeviceConversion */,
				BF7F8BA52E15988E00DF3CFC /* FirebaseAnalyticsWithoutAdIdSupport */,
				BF7F8BA72E15988E00DF3CFC /* FirebaseAppCheck */,
				BF7F8BA92E15988E00DF3CFC /* FirebaseAppDistribution-Beta */,
				BF7F8BAB2E15988E00DF3CFC /* FirebaseAuth */,
				BF7F8BAD2E15988E00DF3CFC /* FirebaseAuthCombine-Community */,
				BF7F8BAF2E15988E00DF3CFC /* FirebaseCore */,
				BF7F8BB12E15988E00DF3CFC /* FirebaseCrashlytics */,
				BF7F8BB32E15988E00DF3CFC /* FirebaseDatabase */,
				BF7F8BB52E15988E00DF3CFC /* FirebaseDynamicLinks */,
				BF7F8BB72E15988E00DF3CFC /* FirebaseFirestore */,
				BF7F8BB92E15988E00DF3CFC /* FirebaseFirestoreCombine-Community */,
				BF7F8BBB2E15988E00DF3CFC /* FirebaseFunctions */,
				BF7F8BBD2E15988E00DF3CFC /* FirebaseFunctionsCombine-Community */,
				BF7F8BBF2E15988E00DF3CFC /* FirebaseInAppMessaging-Beta */,
				BF7F8BC12E15988E00DF3CFC /* FirebaseInstallations */,
				BF7F8BC32E15988E00DF3CFC /* FirebaseMLModelDownloader */,
				BF7F8BC52E15988E00DF3CFC /* FirebaseMessaging */,
				BF7F8BC72E15988E00DF3CFC /* FirebasePerformance */,
				BF7F8BC92E15988E00DF3CFC /* FirebaseRemoteConfig */,
				BF7F8BCB2E15988E00DF3CFC /* FirebaseStorage */,
				BF7F8BCD2E15988E00DF3CFC /* FirebaseStorageCombine-Community */,
				BF7F8BCF2E15988E00DF3CFC /* FirebaseVertexAI */,
			);
			productName = productene;
			productReference = BF7F8B792E13CCF400DF3CFC /* StudyArena.app */;
			productType = "com.apple.product-type.application";
		};
/* End PBXNativeTarget section */

/* Begin PBXProject section */
		BF7F8B712E13CCF400DF3CFC /* Project object */ = {
			isa = PBXProject;
			attributes = {
				BuildIndependentTargetsInParallel = 1;
				LastSwiftUpdateCheck = 1640;
				LastUpgradeCheck = 1640;
				TargetAttributes = {
					BF7F8B782E13CCF400DF3CFC = {
						CreatedOnToolsVersion = 16.4;
					};
				};
			};
			buildConfigurationList = BF7F8B742E13CCF400DF3CFC /* Build configuration list for PBXProject "StudyArena" */;
			developmentRegion = en;
			hasScannedForEncodings = 0;
			knownRegions = (
				en,
				Base,
			);
			mainGroup = BF7F8B702E13CCF400DF3CFC;
			minimizedProjectReferenceProxies = 1;
			packageReferences = (
				BF7F8B9A2E15988E00DF3CFC /* XCRemoteSwiftPackageReference "firebase-ios-sdk" */,
			);
			preferredProjectObjectVersion = 77;
			productRefGroup = BF7F8B7A2E13CCF400DF3CFC /* Products */;
			projectDirPath = "";
			projectRoot = "";
			targets = (
				BF7F8B782E13CCF400DF3CFC /* StudyArena */,
			);
		};
/* End PBXProject section */

/* Begin PBXResourcesBuildPhase section */
		BF7F8B772E13CCF400DF3CFC /* Resources */ = {
			isa = PBXResourcesBuildPhase;
			buildActionMask = 2147483647;
			files = (
				BFC3B6E52EB8FDFB004959CE /* README.md in Resources */,
				BF7F8B932E15099C00DF3CFC /* Assets.xcassets in Resources */,
				BFACD4932E58285200935FCE /* GoogleService-Info.plist in Resources */,
			);
			runOnlyForDeploymentPostprocessing = 0;
		};
/* End PBXResourcesBuildPhase section */

/* Begin PBXShellScriptBuildPhase section */
		BF38EE132E770B71007437B7 /* ShellScript */ = {
			isa = PBXShellScriptBuildPhase;
			alwaysOutOfDate = 1;
			buildActionMask = 2147483647;
			files = (
			);
			inputFileListPaths = (
			);
			inputPaths = (
				"$(SRCROOT)/$(TARGET_NAME)/GoogleService-Info.plist\n",
				"$(BUILT_PRODUCTS_DIR)/$(INFOPLIST_PATH)",
				"$(DWARF_DSYM_FOLDER_PATH)/$(DWARF_DSYM_FILE_NAME)/Contents/Resources/DWARF/$(TARGET_NAME)",
				"$(SRCROOT)/$(PRODUCT_NAME)/GoogleService-Info.plist",
				"$(TARGET_BUILD_DIR)/$(UNLOCALIZED_RESOURCES_FOLDER_PATH)/GoogleService-Info.plist",
			);
			outputFileListPaths = (
			);
			outputPaths = (
				"$(DWARF_DSYM_FOLDER_PATH)/$(DWARF_DSYM_FILE_NAME).uploaded",
			);
			runOnlyForDeploymentPostprocessing = 0;
			shellPath = /bin/sh;
			shellScript = "# Firebase Crashlytics Run Script\nif [ \"${CONFIGURATION}\" == \"Debug\" ]; then\n    echo \"Debug configuration - Upload dSYM to Crashlytics\"\nfi\n\n# Run Crashlytics\n\"${BUILD_DIR%/Build/*}/SourcePackages/checkouts/firebase-ios-sdk/Crashlytics/run\"\n";
		};
/* End PBXShellScriptBuildPhase section */

/* Begin PBXSourcesBuildPhase section */
		BF7F8B752E13CCF400DF3CFC /* Sources */ = {
			isa = PBXSourcesBuildPhase;
			buildActionMask = 2147483647;
			files = (
				BFACD4962E5875F300935FCE /* StudyCalendarView.swift in Sources */,
				BF38EDFC2E6B38D2007437B7 /* FeedbackView.swift in Sources */,
				BFAD2C462E408728004C748A /* PostCreateView.swift in Sources */,
				BFDC6A9D2F10A230009CA955 /* MBTIType.swift in Sources */,
				BFAD2C3F2E3E7469004C748A /* StudyRecord.swift in Sources */,
				BF38EE0D2E6C2574007437B7 /* NotificationSettingsView.swift in Sources */,
				BF4B80D72F0FB4FB004EC274 /* DepartmentMemberListView.swift in Sources */,
				BFDC6A9F2F10D5FA009CA955 /* TimelineViewModel.swift in Sources */,
				BF639EB32E48EDC3004FCD52 /* MinimalDarkBackgroundView.swift in Sources */,
				BFACD4912E517C8800935FCE /* SideNavigationView.swift in Sources */,
				BFC0F9EC2E16509A00870CDD /* TimerButton.swift in Sources */,
				BF38EDFE2E6B392B007437B7 /* DepartmentBrowserView.swift in Sources */,
				BFDC6AA52F10DD64009CA955 /* StudyRecordService.swift in Sources */,
				BFC0F9F22E1650D800870CDD /* RankingRow.swift in Sources */,
				BF6F37042E65953100159804 /* MBTIStatData.swift in Sources */,
				BFC0F9E82E16507900870CDD /* UserStatusCard.swift in Sources */,
				BF7F8B902E15099C00DF3CFC /* ContentView.swift in Sources */,
				BFDC6A992F109F01009CA955 /* MBTIViewModel.swift in Sources */,
				BFC0F9E22E16503200870CDD /* ErrorView.swift in Sources */,
				BFD96FD12F12254F008B1B5B /* NotificationManager.swift in Sources */,
				BF639EB12E48EC66004FCD52 /* RewardSystemView.swift in Sources */,
				BFAD2C442E408708004C748A /* TimelinePost.swift in Sources */,
				BF38EE052E6B39C3007437B7 /* CategoryChip.swift in Sources */,
				BF7F8B912E15099C00DF3CFC /* DataModel.swift in Sources */,
				BFAD2C422E3E7521004C748A /* TimelineView.swift in Sources */,
				BFC0F9F02E1650BF00870CDD /* RankingView.swift in Sources */,
				BFC0F9F82E16511700870CDD /* ProfileView.swift in Sources */,
				BFC0F9EA2E16508800870CDD /* TimerDisplay.swift in Sources */,
				BFDC6A9B2F109F28009CA955 /* MBTIService.swift in Sources */,
				BFACD48E2E517C1400935FCE /* Department.swift in Sources */,
				BFACD4982E588C6D00935FCE /* MBTIStatsView.swift in Sources */,
				BFD96FD32F1225C6008B1B5B /* UserService.swift in Sources */,
				BF7F8B922E15099C00DF3CFC /* StudyArena.swift in Sources */,
				BFDC6AA32F10DD41009CA955 /* StudyRecordViewModel.swift in Sources */,
				BFACD4882E49CDCC00935FCE /* TrophyDisplayCard.swift in Sources */,
				BFC0F9E42E16504B00870CDD /* MainTabView.swift in Sources */,
				BF38EE122E76CC63007437B7 /* StudyStatisticsView.swift in Sources */,
				BF38EE092E6B3D79007437B7 /* Feedback.swift in Sources */,
				BFC0F9DE2E164FE300870CDD /* LoadingView.swift in Sources */,
				BFC0F9E62E16505E00870CDD /* TimerView.swift in Sources */,
				BFAD2C3D2E3E71CF004C748A /* BackgroundTracker.swift in Sources */,
				BFD96FCB2F121D20008B1B5B /* TimerManager.swift in Sources */,
				BFDC6AA12F10D8D8009CA955 /* TimelineService.swift in Sources */,
				BFDC6A972F0FF146009CA955 /* DepartmentViewModel.swift in Sources */,
				BF38EE032E6B3969007437B7 /* DepartmentCard.swift in Sources */,
				BF38EE0F2E7079A1007437B7 /* MBTILearningPatternView.swift in Sources */,
				BF7F8B972E150B2400DF3CFC /* MainViewModel.swift in Sources */,
				BFACD49A2E5898BB00935FCE /* MBTISelectionView.swift in Sources */,
				BF4B80D52F0FB4CD004EC274 /* DepartmentDetailView.swift in Sources */,
				BFDC6A952F0FCC31009CA955 /* DepartmentService.swift in Sources */,
				BFD96FCD2F121D3A008B1B5B /* AuthManager.swift in Sources */,
				BFD96FCF2F1224C0008B1B5B /* FeedbackService.swift in Sources */,
			);
			runOnlyForDeploymentPostprocessing = 0;
		};
/* End PBXSourcesBuildPhase section */

/* Begin XCBuildConfiguration section */
		BF7F8B822E13CCF500DF3CFC /* Debug */ = {
			isa = XCBuildConfiguration;
			buildSettings = {
				ALWAYS_SEARCH_USER_PATHS = NO;
				ASSETCATALOG_COMPILER_GENERATE_SWIFT_ASSET_SYMBOL_EXTENSIONS = YES;
				CLANG_ANALYZER_NONNULL = YES;
				CLANG_ANALYZER_NUMBER_OBJECT_CONVERSION = YES_AGGRESSIVE;
				CLANG_CXX_LANGUAGE_STANDARD = "gnu++20";
				CLANG_ENABLE_MODULES = YES;
				CLANG_ENABLE_OBJC_ARC = YES;
				CLANG_ENABLE_OBJC_WEAK = YES;
				CLANG_WARN_BLOCK_CAPTURE_AUTORELEASING = YES;
				CLANG_WARN_BOOL_CONVERSION = YES;
				CLANG_WARN_COMMA = YES;
				CLANG_WARN_CONSTANT_CONVERSION = YES;
				CLANG_WARN_DEPRECATED_OBJC_IMPLEMENTATIONS = YES;
				CLANG_WARN_DIRECT_OBJC_ISA_USAGE = YES_ERROR;
				CLANG_WARN_DOCUMENTATION_COMMENTS = YES;
				CLANG_WARN_EMPTY_BODY = YES;
				CLANG_WARN_ENUM_CONVERSION = YES;
				CLANG_WARN_INFINITE_RECURSION = YES;
				CLANG_WARN_INT_CONVERSION = YES;
				CLANG_WARN_NON_LITERAL_NULL_CONVERSION = YES;
				CLANG_WARN_OBJC_IMPLICIT_RETAIN_SELF = YES;
				CLANG_WARN_OBJC_LITERAL_CONVERSION = YES;
				CLANG_WARN_OBJC_ROOT_CLASS = YES_ERROR;
				CLANG_WARN_QUOTED_INCLUDE_IN_FRAMEWORK_HEADER = YES;
				CLANG_WARN_RANGE_LOOP_ANALYSIS = YES;
				CLANG_WARN_STRICT_PROTOTYPES = YES;
				CLANG_WARN_SUSPICIOUS_MOVE = YES;
				CLANG_WARN_UNGUARDED_AVAILABILITY = YES_AGGRESSIVE;
				CLANG_WARN_UNREACHABLE_CODE = YES;
				CLANG_WARN__DUPLICATE_METHOD_MATCH = YES;
				COPY_PHASE_STRIP = NO;
				DEBUG_INFORMATION_FORMAT = "dwarf-with-dsym";
				DEVELOPMENT_TEAM = F2KY6KTH3H;
				ENABLE_STRICT_OBJC_MSGSEND = YES;
				ENABLE_TESTABILITY = YES;
				ENABLE_USER_SCRIPT_SANDBOXING = YES;
				GCC_C_LANGUAGE_STANDARD = gnu17;
				GCC_DYNAMIC_NO_PIC = NO;
				GCC_NO_COMMON_BLOCKS = YES;
				GCC_OPTIMIZATION_LEVEL = 0;
				GCC_PREPROCESSOR_DEFINITIONS = (
					"DEBUG=1",
					"$(inherited)",
				);
				GCC_WARN_64_TO_32_BIT_CONVERSION = YES;
				GCC_WARN_ABOUT_RETURN_TYPE = YES_ERROR;
				GCC_WARN_UNDECLARED_SELECTOR = YES;
				GCC_WARN_UNINITIALIZED_AUTOS = YES_AGGRESSIVE;
				GCC_WARN_UNUSED_FUNCTION = YES;
				GCC_WARN_UNUSED_VARIABLE = YES;
				IPHONEOS_DEPLOYMENT_TARGET = 18.5;
				LOCALIZATION_PREFERS_STRING_CATALOGS = YES;
				MTL_ENABLE_DEBUG_INFO = INCLUDE_SOURCE;
				MTL_FAST_MATH = YES;
				ONLY_ACTIVE_ARCH = YES;
				SDKROOT = iphoneos;
				SWIFT_ACTIVE_COMPILATION_CONDITIONS = "DEBUG $(inherited)";
				SWIFT_OPTIMIZATION_LEVEL = "-Onone";
			};
			name = Debug;
		};
		BF7F8B832E13CCF500DF3CFC /* Release */ = {
			isa = XCBuildConfiguration;
			buildSettings = {
				ALWAYS_SEARCH_USER_PATHS = NO;
				ASSETCATALOG_COMPILER_GENERATE_SWIFT_ASSET_SYMBOL_EXTENSIONS = YES;
				CLANG_ANALYZER_NONNULL = YES;
				CLANG_ANALYZER_NUMBER_OBJECT_CONVERSION = YES_AGGRESSIVE;
				CLANG_CXX_LANGUAGE_STANDARD = "gnu++20";
				CLANG_ENABLE_MODULES = YES;
				CLANG_ENABLE_OBJC_ARC = YES;
				CLANG_ENABLE_OBJC_WEAK = YES;
				CLANG_WARN_BLOCK_CAPTURE_AUTORELEASING = YES;
				CLANG_WARN_BOOL_CONVERSION = YES;
				CLANG_WARN_COMMA = YES;
				CLANG_WARN_CONSTANT_CONVERSION = YES;
				CLANG_WARN_DEPRECATED_OBJC_IMPLEMENTATIONS = YES;
				CLANG_WARN_DIRECT_OBJC_ISA_USAGE = YES_ERROR;
				CLANG_WARN_DOCUMENTATION_COMMENTS = YES;
				CLANG_WARN_EMPTY_BODY = YES;
				CLANG_WARN_ENUM_CONVERSION = YES;
				CLANG_WARN_INFINITE_RECURSION = YES;
				CLANG_WARN_INT_CONVERSION = YES;
				CLANG_WARN_NON_LITERAL_NULL_CONVERSION = YES;
				CLANG_WARN_OBJC_IMPLICIT_RETAIN_SELF = YES;
				CLANG_WARN_OBJC_LITERAL_CONVERSION = YES;
				CLANG_WARN_OBJC_ROOT_CLASS = YES_ERROR;
				CLANG_WARN_QUOTED_INCLUDE_IN_FRAMEWORK_HEADER = YES;
				CLANG_WARN_RANGE_LOOP_ANALYSIS = YES;
				CLANG_WARN_STRICT_PROTOTYPES = YES;
				CLANG_WARN_SUSPICIOUS_MOVE = YES;
				CLANG_WARN_UNGUARDED_AVAILABILITY = YES_AGGRESSIVE;
				CLANG_WARN_UNREACHABLE_CODE = YES;
				CLANG_WARN__DUPLICATE_METHOD_MATCH = YES;
				COPY_PHASE_STRIP = NO;
				DEBUG_INFORMATION_FORMAT = "dwarf-with-dsym";
				DEVELOPMENT_TEAM = F2KY6KTH3H;
				ENABLE_NS_ASSERTIONS = NO;
				ENABLE_STRICT_OBJC_MSGSEND = YES;
				ENABLE_USER_SCRIPT_SANDBOXING = YES;
				GCC_C_LANGUAGE_STANDARD = gnu17;
				GCC_NO_COMMON_BLOCKS = YES;
				GCC_WARN_64_TO_32_BIT_CONVERSION = YES;
				GCC_WARN_ABOUT_RETURN_TYPE = YES_ERROR;
				GCC_WARN_UNDECLARED_SELECTOR = YES;
				GCC_WARN_UNINITIALIZED_AUTOS = YES_AGGRESSIVE;
				GCC_WARN_UNUSED_FUNCTION = YES;
				GCC_WARN_UNUSED_VARIABLE = YES;
				IPHONEOS_DEPLOYMENT_TARGET = 18.5;
				LOCALIZATION_PREFERS_STRING_CATALOGS = YES;
				MTL_ENABLE_DEBUG_INFO = NO;
				MTL_FAST_MATH = YES;
				SDKROOT = iphoneos;
				SWIFT_COMPILATION_MODE = wholemodule;
				VALIDATE_PRODUCT = YES;
			};
			name = Release;
		};
		BF7F8B852E13CCF500DF3CFC /* Debug */ = {
			isa = XCBuildConfiguration;
			buildSettings = {
				ASSETCATALOG_COMPILER_APPICON_NAME = AppIcon;
				ASSETCATALOG_COMPILER_GLOBAL_ACCENT_COLOR_NAME = AccentColor;
				CODE_SIGN_STYLE = Automatic;
				CURRENT_PROJECT_VERSION = 8;
				DEVELOPMENT_TEAM = F2KY6KTH3H;
				ENABLE_PREVIEWS = YES;
				GENERATE_INFOPLIST_FILE = YES;
				INFOPLIST_FILE = StudyArena/Info.plist;
				INFOPLIST_KEY_CFBundleDisplayName = StudyArena;
				INFOPLIST_KEY_ITSAppUsesNonExemptEncryption = NO;
				INFOPLIST_KEY_UIApplicationSceneManifest_Generation = YES;
				INFOPLIST_KEY_UIApplicationSupportsIndirectInputEvents = YES;
				INFOPLIST_KEY_UILaunchScreen_Generation = YES;
				INFOPLIST_KEY_UISupportedInterfaceOrientations = "UIInterfaceOrientationLandscapeLeft UIInterfaceOrientationLandscapeRight UIInterfaceOrientationPortrait UIInterfaceOrientationPortraitUpsideDown";
				LD_RUNPATH_SEARCH_PATHS = (
					"$(inherited)",
					"@executable_path/Frameworks",
				);
				MARKETING_VERSION = 1.41;
				PRODUCT_BUNDLE_IDENTIFIER = com.yasu.studyarena;
				PRODUCT_NAME = "$(TARGET_NAME)";
				SWIFT_EMIT_LOC_STRINGS = YES;
				SWIFT_VERSION = 5.0;
				TARGETED_DEVICE_FAMILY = "1,2";
			};
			name = Debug;
		};
		BF7F8B862E13CCF500DF3CFC /* Release */ = {
			isa = XCBuildConfiguration;
			buildSettings = {
				ASSETCATALOG_COMPILER_APPICON_NAME = AppIcon;
				ASSETCATALOG_COMPILER_GLOBAL_ACCENT_COLOR_NAME = AccentColor;
				CODE_SIGN_STYLE = Automatic;
				CURRENT_PROJECT_VERSION = 8;
				DEVELOPMENT_TEAM = F2KY6KTH3H;
				ENABLE_PREVIEWS = YES;
				GENERATE_INFOPLIST_FILE = YES;
				INFOPLIST_FILE = StudyArena/Info.plist;
				INFOPLIST_KEY_CFBundleDisplayName = StudyArena;
				INFOPLIST_KEY_ITSAppUsesNonExemptEncryption = NO;
				INFOPLIST_KEY_UIApplicationSceneManifest_Generation = YES;
				INFOPLIST_KEY_UIApplicationSupportsIndirectInputEvents = YES;
				INFOPLIST_KEY_UILaunchScreen_Generation = YES;
				INFOPLIST_KEY_UISupportedInterfaceOrientations = "UIInterfaceOrientationLandscapeLeft UIInterfaceOrientationLandscapeRight UIInterfaceOrientationPortrait UIInterfaceOrientationPortraitUpsideDown";
				LD_RUNPATH_SEARCH_PATHS = (
					"$(inherited)",
					"@executable_path/Frameworks",
				);
				MARKETING_VERSION = 1.41;
				PRODUCT_BUNDLE_IDENTIFIER = com.yasu.studyarena;
				PRODUCT_NAME = "$(TARGET_NAME)";
				SWIFT_EMIT_LOC_STRINGS = YES;
				SWIFT_VERSION = 5.0;
				TARGETED_DEVICE_FAMILY = "1,2";
			};
			name = Release;
		};
/* End XCBuildConfiguration section */

/* Begin XCConfigurationList section */
		BF7F8B742E13CCF400DF3CFC /* Build configuration list for PBXProject "StudyArena" */ = {
			isa = XCConfigurationList;
			buildConfigurations = (
				BF7F8B822E13CCF500DF3CFC /* Debug */,
				BF7F8B832E13CCF500DF3CFC /* Release */,
			);
			defaultConfigurationIsVisible = 0;
			defaultConfigurationName = Release;
		};
		BF7F8B842E13CCF500DF3CFC /* Build configuration list for PBXNativeTarget "StudyArena" */ = {
			isa = XCConfigurationList;
			buildConfigurations = (
				BF7F8B852E13CCF500DF3CFC /* Debug */,
				BF7F8B862E13CCF500DF3CFC /* Release */,
			);
			defaultConfigurationIsVisible = 0;
			defaultConfigurationName = Release;
		};
/* End XCConfigurationList section */

/* Begin XCRemoteSwiftPackageReference section */
		BF7F8B9A2E15988E00DF3CFC /* XCRemoteSwiftPackageReference "firebase-ios-sdk" */ = {
			isa = XCRemoteSwiftPackageReference;
			repositoryURL = "https://github.com/firebase/firebase-ios-sdk";
			requirement = {
				kind = upToNextMajorVersion;
				minimumVersion = 11.15.0;
			};
		};
/* End XCRemoteSwiftPackageReference section */

/* Begin XCSwiftPackageProductDependency section */
		BF7F8B9B2E15988E00DF3CFC /* FirebaseAI */ = {
			isa = XCSwiftPackageProductDependency;
			package = BF7F8B9A2E15988E00DF3CFC /* XCRemoteSwiftPackageReference "firebase-ios-sdk" */;
			productName = FirebaseAI;
		};
		BF7F8B9D2E15988E00DF3CFC /* FirebaseAnalytics */ = {
			isa = XCSwiftPackageProductDependency;
			package = BF7F8B9A2E15988E00DF3CFC /* XCRemoteSwiftPackageReference "firebase-ios-sdk" */;
			productName = FirebaseAnalytics;
		};
		BF7F8B9F2E15988E00DF3CFC /* FirebaseAnalyticsCore */ = {
			isa = XCSwiftPackageProductDependency;
			package = BF7F8B9A2E15988E00DF3CFC /* XCRemoteSwiftPackageReference "firebase-ios-sdk" */;
			productName = FirebaseAnalyticsCore;
		};
		BF7F8BA12E15988E00DF3CFC /* FirebaseAnalyticsIdentitySupport */ = {
			isa = XCSwiftPackageProductDependency;
			package = BF7F8B9A2E15988E00DF3CFC /* XCRemoteSwiftPackageReference "firebase-ios-sdk" */;
			productName = FirebaseAnalyticsIdentitySupport;
		};
		BF7F8BA32E15988E00DF3CFC /* FirebaseAnalyticsOnDeviceConversion */ = {
			isa = XCSwiftPackageProductDependency;
			package = BF7F8B9A2E15988E00DF3CFC /* XCRemoteSwiftPackageReference "firebase-ios-sdk" */;
			productName = FirebaseAnalyticsOnDeviceConversion;
		};
		BF7F8BA52E15988E00DF3CFC /* FirebaseAnalyticsWithoutAdIdSupport */ = {
			isa = XCSwiftPackageProductDependency;
			package = BF7F8B9A2E15988E00DF3CFC /* XCRemoteSwiftPackageReference "firebase-ios-sdk" */;
			productName = FirebaseAnalyticsWithoutAdIdSupport;
		};
		BF7F8BA72E15988E00DF3CFC /* FirebaseAppCheck */ = {
			isa = XCSwiftPackageProductDependency;
			package = BF7F8B9A2E15988E00DF3CFC /* XCRemoteSwiftPackageReference "firebase-ios-sdk" */;
			productName = FirebaseAppCheck;
		};
		BF7F8BA92E15988E00DF3CFC /* FirebaseAppDistribution-Beta */ = {
			isa = XCSwiftPackageProductDependency;
			package = BF7F8B9A2E15988E00DF3CFC /* XCRemoteSwiftPackageReference "firebase-ios-sdk" */;
			productName = "FirebaseAppDistribution-Beta";
		};
		BF7F8BAB2E15988E00DF3CFC /* FirebaseAuth */ = {
			isa = XCSwiftPackageProductDependency;
			package = BF7F8B9A2E15988E00DF3CFC /* XCRemoteSwiftPackageReference "firebase-ios-sdk" */;
			productName = FirebaseAuth;
		};
		BF7F8BAD2E15988E00DF3CFC /* FirebaseAuthCombine-Community */ = {
			isa = XCSwiftPackageProductDependency;
			package = BF7F8B9A2E15988E00DF3CFC /* XCRemoteSwiftPackageReference "firebase-ios-sdk" */;
			productName = "FirebaseAuthCombine-Community";
		};
		BF7F8BAF2E15988E00DF3CFC /* FirebaseCore */ = {
			isa = XCSwiftPackageProductDependency;
			package = BF7F8B9A2E15988E00DF3CFC /* XCRemoteSwiftPackageReference "firebase-ios-sdk" */;
			productName = FirebaseCore;
		};
		BF7F8BB12E15988E00DF3CFC /* FirebaseCrashlytics */ = {
			isa = XCSwiftPackageProductDependency;
			package = BF7F8B9A2E15988E00DF3CFC /* XCRemoteSwiftPackageReference "firebase-ios-sdk" */;
			productName = FirebaseCrashlytics;
		};
		BF7F8BB32E15988E00DF3CFC /* FirebaseDatabase */ = {
			isa = XCSwiftPackageProductDependency;
			package = BF7F8B9A2E15988E00DF3CFC /* XCRemoteSwiftPackageReference "firebase-ios-sdk" */;
			productName = FirebaseDatabase;
		};
		BF7F8BB52E15988E00DF3CFC /* FirebaseDynamicLinks */ = {
			isa = XCSwiftPackageProductDependency;
			package = BF7F8B9A2E15988E00DF3CFC /* XCRemoteSwiftPackageReference "firebase-ios-sdk" */;
			productName = FirebaseDynamicLinks;
		};
		BF7F8BB72E15988E00DF3CFC /* FirebaseFirestore */ = {
			isa = XCSwiftPackageProductDependency;
			package = BF7F8B9A2E15988E00DF3CFC /* XCRemoteSwiftPackageReference "firebase-ios-sdk" */;
			productName = FirebaseFirestore;
		};
		BF7F8BB92E15988E00DF3CFC /* FirebaseFirestoreCombine-Community */ = {
			isa = XCSwiftPackageProductDependency;
			package = BF7F8B9A2E15988E00DF3CFC /* XCRemoteSwiftPackageReference "firebase-ios-sdk" */;
			productName = "FirebaseFirestoreCombine-Community";
		};
		BF7F8BBB2E15988E00DF3CFC /* FirebaseFunctions */ = {
			isa = XCSwiftPackageProductDependency;
			package = BF7F8B9A2E15988E00DF3CFC /* XCRemoteSwiftPackageReference "firebase-ios-sdk" */;
			productName = FirebaseFunctions;
		};
		BF7F8BBD2E15988E00DF3CFC /* FirebaseFunctionsCombine-Community */ = {
			isa = XCSwiftPackageProductDependency;
			package = BF7F8B9A2E15988E00DF3CFC /* XCRemoteSwiftPackageReference "firebase-ios-sdk" */;
			productName = "FirebaseFunctionsCombine-Community";
		};
		BF7F8BBF2E15988E00DF3CFC /* FirebaseInAppMessaging-Beta */ = {
			isa = XCSwiftPackageProductDependency;
			package = BF7F8B9A2E15988E00DF3CFC /* XCRemoteSwiftPackageReference "firebase-ios-sdk" */;
			productName = "FirebaseInAppMessaging-Beta";
		};
		BF7F8BC12E15988E00DF3CFC /* FirebaseInstallations */ = {
			isa = XCSwiftPackageProductDependency;
			package = BF7F8B9A2E15988E00DF3CFC /* XCRemoteSwiftPackageReference "firebase-ios-sdk" */;
			productName = FirebaseInstallations;
		};
		BF7F8BC32E15988E00DF3CFC /* FirebaseMLModelDownloader */ = {
			isa = XCSwiftPackageProductDependency;
			package = BF7F8B9A2E15988E00DF3CFC /* XCRemoteSwiftPackageReference "firebase-ios-sdk" */;
			productName = FirebaseMLModelDownloader;
		};
		BF7F8BC52E15988E00DF3CFC /* FirebaseMessaging */ = {
			isa = XCSwiftPackageProductDependency;
			package = BF7F8B9A2E15988E00DF3CFC /* XCRemoteSwiftPackageReference "firebase-ios-sdk" */;
			productName = FirebaseMessaging;
		};
		BF7F8BC72E15988E00DF3CFC /* FirebasePerformance */ = {
			isa = XCSwiftPackageProductDependency;
			package = BF7F8B9A2E15988E00DF3CFC /* XCRemoteSwiftPackageReference "firebase-ios-sdk" */;
			productName = FirebasePerformance;
		};
		BF7F8BC92E15988E00DF3CFC /* FirebaseRemoteConfig */ = {
			isa = XCSwiftPackageProductDependency;
			package = BF7F8B9A2E15988E00DF3CFC /* XCRemoteSwiftPackageReference "firebase-ios-sdk" */;
			productName = FirebaseRemoteConfig;
		};
		BF7F8BCB2E15988E00DF3CFC /* FirebaseStorage */ = {
			isa = XCSwiftPackageProductDependency;
			package = BF7F8B9A2E15988E00DF3CFC /* XCRemoteSwiftPackageReference "firebase-ios-sdk" */;
			productName = FirebaseStorage;
		};
		BF7F8BCD2E15988E00DF3CFC /* FirebaseStorageCombine-Community */ = {
			isa = XCSwiftPackageProductDependency;
			package = BF7F8B9A2E15988E00DF3CFC /* XCRemoteSwiftPackageReference "firebase-ios-sdk" */;
			productName = "FirebaseStorageCombine-Community";
		};
		BF7F8BCF2E15988E00DF3CFC /* FirebaseVertexAI */ = {
			isa = XCSwiftPackageProductDependency;
			package = BF7F8B9A2E15988E00DF3CFC /* XCRemoteSwiftPackageReference "firebase-ios-sdk" */;
			productName = FirebaseVertexAI;
		};
/* End XCSwiftPackageProductDependency section */
	};
	rootObject = BF7F8B712E13CCF400DF3CFC /* Project object */;
}
